
Microsoft Visual Studio Solution File, Format Version 12.00
# Visual Studio 15
VisualStudioVersion = 15.0.28307.1000
MinimumVisualStudioVersion = 10.0.40219.1
Project("{262852C6-CD72-467D-83FE-5EEB1973A190}") = "Application", "Application\Application.jsproj", "{F4D0A426-AA83-41FE-B9C1-AF085F052B68}"
EndProject
Project("{262852C6-CD72-467D-83FE-5EEB1973A190}") = "AppStore", "AppStore\AppStore.jsproj", "{E75D5758-03B3-47F2-A83F-7DA34A16B56B}"
EndProject
Project("{9A19103F-16F7-4668-BE54-9A1E7A4F7556}") = "ConsoleApp", "ConsoleApp\ConsoleApp.csproj", "{98FB93FB-910A-4C9C-A89B-6CB930547C1C}"
EndProject
Project("{262852C6-CD72-467D-83FE-5EEB1973A190}") = "PayApp", "PayApp\PayApp.jsproj", "{E3EFFBF0-FDFF-43AB-A394-26682DFFBEEC}"
EndProject
Project("{262852C6-CD72-467D-83FE-5EEB1973A190}") = "NewsApp", "NewsApp\NewsApp.jsproj", "{2A5B7C22-BFA6-4238-8E78-7DE26447D0BB}"
EndProject
Project("{262852C6-CD72-467D-83FE-5EEB1973A190}") = "PostApp", "PostApp\PostApp.jsproj", "{A846EE1A-600C-4C4C-8031-50EBC8BF00E5}"
EndProject
Project("{262852C6-CD72-467D-83FE-5EEB1973A190}") = "MovexeApp", "MovexeApp\MovexeApp.jsproj", "{29E6490B-B8A4-4F64-BAC3-818C00F4FAE5}"
EndProject
Project("{262852C6-CD72-467D-83FE-5EEB1973A190}") = "SoftposApp", "SoftposApp\SoftposApp.jsproj", "{A7D42E79-2D78-4A9F-A539-5CEC80A9E598}"
EndProject
Project("{262852C6-CD72-467D-83FE-5EEB1973A190}") = "BlogApp", "BlogApp\BlogApp.jsproj", "{34730DEB-C6DE-4D2F-9F9E-5F9C009F6201}"
EndProject
Project("{262852C6-CD72-467D-83FE-5EEB1973A190}") = "OfficeApp", "OfficeApp\OfficeApp.jsproj", "{EB612689-DC34-4E6B-AB5D-B2DCD97EF0A4}"
EndProject
Project("{262852C6-CD72-467D-83FE-5EEB1973A190}") = "BrowserApp", "BrowserApp\BrowserApp.jsproj", "{05A19596-205B-4D94-9F13-B8893F9520C4}"
EndProject
Project("{262852C6-CD72-467D-83FE-5EEB1973A190}") = "ChatApp", "ChatApp\ChatApp.jsproj", "{5B87DBC9-9C39-4391-923C-C27D018F1C0D}"
EndProject
Project("{262852C6-CD72-467D-83FE-5EEB1973A190}") = "OperationApp", "OperationApp\OperationApp.jsproj", "{B0C69DDE-6AA7-4993-A996-003614D7704A}"
EndProject
Project("{2150E333-8FDC-42A3-9474-1A3956D46DE8}") = "OpenGLESApp", "OpenGLESApp", "{3CBD2D27-70F5-4768-8992-2078B026A237}"
EndProject
Project("{39E2626F-3545-4960-A6E8-258AD8476CE5}") = "OpenGLESApp.Android.Packaging", "OpenGLESApp\OpenGLESApp.Android.Packaging\OpenGLESApp.Android.Packaging.androidproj", "{B9B6BBA4-080F-4042-8E4A-A42D51C72348}"
EndProject
Project("{740547C8-F205-44CF-8284-0B59C7DD69BD}") = "OpenGLESApp.iOS.Application", "OpenGLESApp\OpenGLESApp.iOS.Application\OpenGLESApp.iOS.Application.xcodeproj\project.pbxproj", "{7148648F-B91E-4C66-B799-C9EADF70783B}"
EndProject
Project("{2150E333-8FDC-42A3-9474-1A3956D46DE8}") = "Libraries", "Libraries", "{188FEB91-92D3-4A4A-BA83-DD5C1E993779}"
EndProject
Project("{8BC9CEB8-8B4A-11D0-8D11-00A0C91BC942}") = "OpenGLESApp.Shared", "OpenGLESApp\OpenGLESApp.Shared\OpenGLESApp.Shared.vcxitems", "{CF3FC226-1954-41F8-8972-1A71E1B3753E}"
EndProject
Project("{8BC9CEB8-8B4A-11D0-8D11-00A0C91BC942}") = "OpenGLESApp.Android.NativeActivity", "OpenGLESApp\OpenGLESApp.Android.NativeActivity\OpenGLESApp.Android.NativeActivity.vcxproj", "{88BD2A13-BC04-4A93-9924-55C683FB7B44}"
EndProject
Project("{8BC9CEB8-8B4A-11D0-8D11-00A0C91BC942}") = "OpenGLESApp.iOS.StaticLibrary", "OpenGLESApp\OpenGLESApp.iOS.StaticLibrary\OpenGLESApp.iOS.StaticLibrary.vcxproj", "{202F8D77-BDEA-4207-BA62-A93EF33C0E7F}"
EndProject
Global
	GlobalSection(SharedMSBuildProjectFiles) = preSolution
		OpenGLESApp\OpenGLESApp.Shared\OpenGLESApp.Shared.vcxitems*{202f8d77-bdea-4207-ba62-a93ef33c0e7f}*SharedItemsImports = 4
		OpenGLESApp\OpenGLESApp.Shared\OpenGLESApp.Shared.vcxitems*{88bd2a13-bc04-4a93-9924-55c683fb7b44}*SharedItemsImports = 4
		OpenGLESApp\OpenGLESApp.Shared\OpenGLESApp.Shared.vcxitems*{cf3fc226-1954-41f8-8972-1a71e1b3753e}*SharedItemsImports = 9
	EndGlobalSection
	GlobalSection(SolutionConfigurationPlatforms) = preSolution
		Debug|Android = Debug|Android
		Debug|Any CPU = Debug|Any CPU
		Debug|ARM = Debug|ARM
		Debug|ARM64 = Debug|ARM64
		Debug|iOS = Debug|iOS
		Debug|Windows-ARM = Debug|Windows-ARM
		Debug|Windows-x64 = Debug|Windows-x64
		Debug|Windows-x86 = Debug|Windows-x86
		Debug|x64 = Debug|x64
		Debug|x86 = Debug|x86
		Release|Android = Release|Android
		Release|Any CPU = Release|Any CPU
		Release|ARM = Release|ARM
		Release|ARM64 = Release|ARM64
		Release|iOS = Release|iOS
		Release|Windows-ARM = Release|Windows-ARM
		Release|Windows-x64 = Release|Windows-x64
		Release|Windows-x86 = Release|Windows-x86
		Release|x64 = Release|x64
		Release|x86 = Release|x86
	EndGlobalSection
	GlobalSection(ProjectConfigurationPlatforms) = postSolution
		{F4D0A426-AA83-41FE-B9C1-AF085F052B68}.Debug|Android.ActiveCfg = Debug|Any CPU
		{F4D0A426-AA83-41FE-B9C1-AF085F052B68}.Debug|Android.Build.0 = Debug|Any CPU
		{F4D0A426-AA83-41FE-B9C1-AF085F052B68}.Debug|Android.Deploy.0 = Debug|Any CPU
		{F4D0A426-AA83-41FE-B9C1-AF085F052B68}.Debug|Any CPU.ActiveCfg = Debug|Any CPU
		{F4D0A426-AA83-41FE-B9C1-AF085F052B68}.Debug|Any CPU.Build.0 = Debug|Any CPU
		{F4D0A426-AA83-41FE-B9C1-AF085F052B68}.Debug|Any CPU.Deploy.0 = Debug|Any CPU
		{F4D0A426-AA83-41FE-B9C1-AF085F052B68}.Debug|ARM.ActiveCfg = Debug|ARM
		{F4D0A426-AA83-41FE-B9C1-AF085F052B68}.Debug|ARM.Build.0 = Debug|ARM
		{F4D0A426-AA83-41FE-B9C1-AF085F052B68}.Debug|ARM.Deploy.0 = Debug|ARM
		{F4D0A426-AA83-41FE-B9C1-AF085F052B68}.Debug|ARM64.ActiveCfg = Debug|ARM64
		{F4D0A426-AA83-41FE-B9C1-AF085F052B68}.Debug|ARM64.Build.0 = Debug|ARM64
		{F4D0A426-AA83-41FE-B9C1-AF085F052B68}.Debug|ARM64.Deploy.0 = Debug|ARM64
		{F4D0A426-AA83-41FE-B9C1-AF085F052B68}.Debug|iOS.ActiveCfg = Debug|Any CPU
		{F4D0A426-AA83-41FE-B9C1-AF085F052B68}.Debug|iOS.Build.0 = Debug|Any CPU
		{F4D0A426-AA83-41FE-B9C1-AF085F052B68}.Debug|iOS.Deploy.0 = Debug|Any CPU
		{F4D0A426-AA83-41FE-B9C1-AF085F052B68}.Debug|Windows-ARM.ActiveCfg = Debug|Any CPU
		{F4D0A426-AA83-41FE-B9C1-AF085F052B68}.Debug|Windows-ARM.Build.0 = Debug|Any CPU
		{F4D0A426-AA83-41FE-B9C1-AF085F052B68}.Debug|Windows-ARM.Deploy.0 = Debug|Any CPU
		{F4D0A426-AA83-41FE-B9C1-AF085F052B68}.Debug|Windows-x64.ActiveCfg = Debug|Any CPU
		{F4D0A426-AA83-41FE-B9C1-AF085F052B68}.Debug|Windows-x64.Build.0 = Debug|Any CPU
		{F4D0A426-AA83-41FE-B9C1-AF085F052B68}.Debug|Windows-x64.Deploy.0 = Debug|Any CPU
		{F4D0A426-AA83-41FE-B9C1-AF085F052B68}.Debug|Windows-x86.ActiveCfg = Debug|Any CPU
		{F4D0A426-AA83-41FE-B9C1-AF085F052B68}.Debug|Windows-x86.Build.0 = Debug|Any CPU
		{F4D0A426-AA83-41FE-B9C1-AF085F052B68}.Debug|Windows-x86.Deploy.0 = Debug|Any CPU
		{F4D0A426-AA83-41FE-B9C1-AF085F052B68}.Debug|x64.ActiveCfg = Debug|x64
		{F4D0A426-AA83-41FE-B9C1-AF085F052B68}.Debug|x64.Build.0 = Debug|x64
		{F4D0A426-AA83-41FE-B9C1-AF085F052B68}.Debug|x64.Deploy.0 = Debug|x64
		{F4D0A426-AA83-41FE-B9C1-AF085F052B68}.Debug|x86.ActiveCfg = Debug|x86
		{F4D0A426-AA83-41FE-B9C1-AF085F052B68}.Debug|x86.Build.0 = Debug|x86
		{F4D0A426-AA83-41FE-B9C1-AF085F052B68}.Debug|x86.Deploy.0 = Debug|x86
		{F4D0A426-AA83-41FE-B9C1-AF085F052B68}.Release|Android.ActiveCfg = Release|Any CPU
		{F4D0A426-AA83-41FE-B9C1-AF085F052B68}.Release|Android.Build.0 = Release|Any CPU
		{F4D0A426-AA83-41FE-B9C1-AF085F052B68}.Release|Android.Deploy.0 = Release|Any CPU
		{F4D0A426-AA83-41FE-B9C1-AF085F052B68}.Release|Any CPU.ActiveCfg = Release|Any CPU
		{F4D0A426-AA83-41FE-B9C1-AF085F052B68}.Release|Any CPU.Build.0 = Release|Any CPU
		{F4D0A426-AA83-41FE-B9C1-AF085F052B68}.Release|Any CPU.Deploy.0 = Release|Any CPU
		{F4D0A426-AA83-41FE-B9C1-AF085F052B68}.Release|ARM.ActiveCfg = Release|ARM
		{F4D0A426-AA83-41FE-B9C1-AF085F052B68}.Release|ARM.Build.0 = Release|ARM
		{F4D0A426-AA83-41FE-B9C1-AF085F052B68}.Release|ARM.Deploy.0 = Release|ARM
		{F4D0A426-AA83-41FE-B9C1-AF085F052B68}.Release|ARM64.ActiveCfg = Release|ARM64
		{F4D0A426-AA83-41FE-B9C1-AF085F052B68}.Release|ARM64.Build.0 = Release|ARM64
		{F4D0A426-AA83-41FE-B9C1-AF085F052B68}.Release|ARM64.Deploy.0 = Release|ARM64
		{F4D0A426-AA83-41FE-B9C1-AF085F052B68}.Release|iOS.ActiveCfg = Release|Any CPU
		{F4D0A426-AA83-41FE-B9C1-AF085F052B68}.Release|iOS.Build.0 = Release|Any CPU
		{F4D0A426-AA83-41FE-B9C1-AF085F052B68}.Release|iOS.Deploy.0 = Release|Any CPU
		{F4D0A426-AA83-41FE-B9C1-AF085F052B68}.Release|Windows-ARM.ActiveCfg = Release|Any CPU
		{F4D0A426-AA83-41FE-B9C1-AF085F052B68}.Release|Windows-ARM.Build.0 = Release|Any CPU
		{F4D0A426-AA83-41FE-B9C1-AF085F052B68}.Release|Windows-ARM.Deploy.0 = Release|Any CPU
		{F4D0A426-AA83-41FE-B9C1-AF085F052B68}.Release|Windows-x64.ActiveCfg = Release|Any CPU
		{F4D0A426-AA83-41FE-B9C1-AF085F052B68}.Release|Windows-x64.Build.0 = Release|Any CPU
		{F4D0A426-AA83-41FE-B9C1-AF085F052B68}.Release|Windows-x64.Deploy.0 = Release|Any CPU
		{F4D0A426-AA83-41FE-B9C1-AF085F052B68}.Release|Windows-x86.ActiveCfg = Release|Any CPU
		{F4D0A426-AA83-41FE-B9C1-AF085F052B68}.Release|Windows-x86.Build.0 = Release|Any CPU
		{F4D0A426-AA83-41FE-B9C1-AF085F052B68}.Release|Windows-x86.Deploy.0 = Release|Any CPU
		{F4D0A426-AA83-41FE-B9C1-AF085F052B68}.Release|x64.ActiveCfg = Release|x64
		{F4D0A426-AA83-41FE-B9C1-AF085F052B68}.Release|x64.Build.0 = Release|x64
		{F4D0A426-AA83-41FE-B9C1-AF085F052B68}.Release|x64.Deploy.0 = Release|x64
		{F4D0A426-AA83-41FE-B9C1-AF085F052B68}.Release|x86.ActiveCfg = Release|x86
		{F4D0A426-AA83-41FE-B9C1-AF085F052B68}.Release|x86.Build.0 = Release|x86
		{F4D0A426-AA83-41FE-B9C1-AF085F052B68}.Release|x86.Deploy.0 = Release|x86
		{E75D5758-03B3-47F2-A83F-7DA34A16B56B}.Debug|Android.ActiveCfg = Debug|Any CPU
		{E75D5758-03B3-47F2-A83F-7DA34A16B56B}.Debug|Android.Build.0 = Debug|Any CPU
		{E75D5758-03B3-47F2-A83F-7DA34A16B56B}.Debug|Android.Deploy.0 = Debug|Any CPU
		{E75D5758-03B3-47F2-A83F-7DA34A16B56B}.Debug|Any CPU.ActiveCfg = Debug|Any CPU
		{E75D5758-03B3-47F2-A83F-7DA34A16B56B}.Debug|Any CPU.Build.0 = Debug|Any CPU
		{E75D5758-03B3-47F2-A83F-7DA34A16B56B}.Debug|Any CPU.Deploy.0 = Debug|Any CPU
		{E75D5758-03B3-47F2-A83F-7DA34A16B56B}.Debug|ARM.ActiveCfg = Debug|ARM
		{E75D5758-03B3-47F2-A83F-7DA34A16B56B}.Debug|ARM.Build.0 = Debug|ARM
		{E75D5758-03B3-47F2-A83F-7DA34A16B56B}.Debug|ARM.Deploy.0 = Debug|ARM
		{E75D5758-03B3-47F2-A83F-7DA34A16B56B}.Debug|ARM64.ActiveCfg = Debug|ARM64
		{E75D5758-03B3-47F2-A83F-7DA34A16B56B}.Debug|ARM64.Build.0 = Debug|ARM64
		{E75D5758-03B3-47F2-A83F-7DA34A16B56B}.Debug|ARM64.Deploy.0 = Debug|ARM64
		{E75D5758-03B3-47F2-A83F-7DA34A16B56B}.Debug|iOS.ActiveCfg = Debug|Any CPU
		{E75D5758-03B3-47F2-A83F-7DA34A16B56B}.Debug|iOS.Build.0 = Debug|Any CPU
		{E75D5758-03B3-47F2-A83F-7DA34A16B56B}.Debug|iOS.Deploy.0 = Debug|Any CPU
		{E75D5758-03B3-47F2-A83F-7DA34A16B56B}.Debug|Windows-ARM.ActiveCfg = Debug|Any CPU
		{E75D5758-03B3-47F2-A83F-7DA34A16B56B}.Debug|Windows-ARM.Build.0 = Debug|Any CPU
		{E75D5758-03B3-47F2-A83F-7DA34A16B56B}.Debug|Windows-ARM.Deploy.0 = Debug|Any CPU
		{E75D5758-03B3-47F2-A83F-7DA34A16B56B}.Debug|Windows-x64.ActiveCfg = Debug|Any CPU
		{E75D5758-03B3-47F2-A83F-7DA34A16B56B}.Debug|Windows-x64.Build.0 = Debug|Any CPU
		{E75D5758-03B3-47F2-A83F-7DA34A16B56B}.Debug|Windows-x64.Deploy.0 = Debug|Any CPU
		{E75D5758-03B3-47F2-A83F-7DA34A16B56B}.Debug|Windows-x86.ActiveCfg = Debug|Any CPU
		{E75D5758-03B3-47F2-A83F-7DA34A16B56B}.Debug|Windows-x86.Build.0 = Debug|Any CPU
		{E75D5758-03B3-47F2-A83F-7DA34A16B56B}.Debug|Windows-x86.Deploy.0 = Debug|Any CPU
		{E75D5758-03B3-47F2-A83F-7DA34A16B56B}.Debug|x64.ActiveCfg = Debug|x64
		{E75D5758-03B3-47F2-A83F-7DA34A16B56B}.Debug|x64.Build.0 = Debug|x64
		{E75D5758-03B3-47F2-A83F-7DA34A16B56B}.Debug|x64.Deploy.0 = Debug|x64
		{E75D5758-03B3-47F2-A83F-7DA34A16B56B}.Debug|x86.ActiveCfg = Debug|x86
		{E75D5758-03B3-47F2-A83F-7DA34A16B56B}.Debug|x86.Build.0 = Debug|x86
		{E75D5758-03B3-47F2-A83F-7DA34A16B56B}.Debug|x86.Deploy.0 = Debug|x86
		{E75D5758-03B3-47F2-A83F-7DA34A16B56B}.Release|Android.ActiveCfg = Release|Any CPU
		{E75D5758-03B3-47F2-A83F-7DA34A16B56B}.Release|Android.Build.0 = Release|Any CPU
		{E75D5758-03B3-47F2-A83F-7DA34A16B56B}.Release|Android.Deploy.0 = Release|Any CPU
		{E75D5758-03B3-47F2-A83F-7DA34A16B56B}.Release|Any CPU.ActiveCfg = Release|Any CPU
		{E75D5758-03B3-47F2-A83F-7DA34A16B56B}.Release|Any CPU.Build.0 = Release|Any CPU
		{E75D5758-03B3-47F2-A83F-7DA34A16B56B}.Release|Any CPU.Deploy.0 = Release|Any CPU
		{E75D5758-03B3-47F2-A83F-7DA34A16B56B}.Release|ARM.ActiveCfg = Release|ARM
		{E75D5758-03B3-47F2-A83F-7DA34A16B56B}.Release|ARM.Build.0 = Release|ARM
		{E75D5758-03B3-47F2-A83F-7DA34A16B56B}.Release|ARM.Deploy.0 = Release|ARM
		{E75D5758-03B3-47F2-A83F-7DA34A16B56B}.Release|ARM64.ActiveCfg = Release|ARM64
		{E75D5758-03B3-47F2-A83F-7DA34A16B56B}.Release|ARM64.Build.0 = Release|ARM64
		{E75D5758-03B3-47F2-A83F-7DA34A16B56B}.Release|ARM64.Deploy.0 = Release|ARM64
		{E75D5758-03B3-47F2-A83F-7DA34A16B56B}.Release|iOS.ActiveCfg = Release|Any CPU
		{E75D5758-03B3-47F2-A83F-7DA34A16B56B}.Release|iOS.Build.0 = Release|Any CPU
		{E75D5758-03B3-47F2-A83F-7DA34A16B56B}.Release|iOS.Deploy.0 = Release|Any CPU
		{E75D5758-03B3-47F2-A83F-7DA34A16B56B}.Release|Windows-ARM.ActiveCfg = Release|Any CPU
		{E75D5758-03B3-47F2-A83F-7DA34A16B56B}.Release|Windows-ARM.Build.0 = Release|Any CPU
		{E75D5758-03B3-47F2-A83F-7DA34A16B56B}.Release|Windows-ARM.Deploy.0 = Release|Any CPU
		{E75D5758-03B3-47F2-A83F-7DA34A16B56B}.Release|Windows-x64.ActiveCfg = Release|Any CPU
		{E75D5758-03B3-47F2-A83F-7DA34A16B56B}.Release|Windows-x64.Build.0 = Release|Any CPU
		{E75D5758-03B3-47F2-A83F-7DA34A16B56B}.Release|Windows-x64.Deploy.0 = Release|Any CPU
		{E75D5758-03B3-47F2-A83F-7DA34A16B56B}.Release|Windows-x86.ActiveCfg = Release|Any CPU
		{E75D5758-03B3-47F2-A83F-7DA34A16B56B}.Release|Windows-x86.Build.0 = Release|Any CPU
		{E75D5758-03B3-47F2-A83F-7DA34A16B56B}.Release|Windows-x86.Deploy.0 = Release|Any CPU
		{E75D5758-03B3-47F2-A83F-7DA34A16B56B}.Release|x64.ActiveCfg = Release|x64
		{E75D5758-03B3-47F2-A83F-7DA34A16B56B}.Release|x64.Build.0 = Release|x64
		{E75D5758-03B3-47F2-A83F-7DA34A16B56B}.Release|x64.Deploy.0 = Release|x64
		{E75D5758-03B3-47F2-A83F-7DA34A16B56B}.Release|x86.ActiveCfg = Release|x86
		{E75D5758-03B3-47F2-A83F-7DA34A16B56B}.Release|x86.Build.0 = Release|x86
		{E75D5758-03B3-47F2-A83F-7DA34A16B56B}.Release|x86.Deploy.0 = Release|x86
		{98FB93FB-910A-4C9C-A89B-6CB930547C1C}.Debug|Android.ActiveCfg = Debug|Any CPU
		{98FB93FB-910A-4C9C-A89B-6CB930547C1C}.Debug|Android.Build.0 = Debug|Any CPU
		{98FB93FB-910A-4C9C-A89B-6CB930547C1C}.Debug|Any CPU.ActiveCfg = Debug|Any CPU
		{98FB93FB-910A-4C9C-A89B-6CB930547C1C}.Debug|Any CPU.Build.0 = Debug|Any CPU
		{98FB93FB-910A-4C9C-A89B-6CB930547C1C}.Debug|ARM.ActiveCfg = Debug|Any CPU
		{98FB93FB-910A-4C9C-A89B-6CB930547C1C}.Debug|ARM.Build.0 = Debug|Any CPU
		{98FB93FB-910A-4C9C-A89B-6CB930547C1C}.Debug|ARM64.ActiveCfg = Debug|Any CPU
		{98FB93FB-910A-4C9C-A89B-6CB930547C1C}.Debug|ARM64.Build.0 = Debug|Any CPU
		{98FB93FB-910A-4C9C-A89B-6CB930547C1C}.Debug|iOS.ActiveCfg = Debug|Any CPU
		{98FB93FB-910A-4C9C-A89B-6CB930547C1C}.Debug|iOS.Build.0 = Debug|Any CPU
		{98FB93FB-910A-4C9C-A89B-6CB930547C1C}.Debug|Windows-ARM.ActiveCfg = Debug|Any CPU
		{98FB93FB-910A-4C9C-A89B-6CB930547C1C}.Debug|Windows-ARM.Build.0 = Debug|Any CPU
		{98FB93FB-910A-4C9C-A89B-6CB930547C1C}.Debug|Windows-x64.ActiveCfg = Debug|Any CPU
		{98FB93FB-910A-4C9C-A89B-6CB930547C1C}.Debug|Windows-x64.Build.0 = Debug|Any CPU
		{98FB93FB-910A-4C9C-A89B-6CB930547C1C}.Debug|Windows-x86.ActiveCfg = Debug|Any CPU
		{98FB93FB-910A-4C9C-A89B-6CB930547C1C}.Debug|Windows-x86.Build.0 = Debug|Any CPU
		{98FB93FB-910A-4C9C-A89B-6CB930547C1C}.Debug|x64.ActiveCfg = Debug|Any CPU
		{98FB93FB-910A-4C9C-A89B-6CB930547C1C}.Debug|x64.Build.0 = Debug|Any CPU
		{98FB93FB-910A-4C9C-A89B-6CB930547C1C}.Debug|x86.ActiveCfg = Debug|Any CPU
		{98FB93FB-910A-4C9C-A89B-6CB930547C1C}.Debug|x86.Build.0 = Debug|Any CPU
		{98FB93FB-910A-4C9C-A89B-6CB930547C1C}.Release|Android.ActiveCfg = Release|Any CPU
		{98FB93FB-910A-4C9C-A89B-6CB930547C1C}.Release|Android.Build.0 = Release|Any CPU
		{98FB93FB-910A-4C9C-A89B-6CB930547C1C}.Release|Any CPU.ActiveCfg = Release|Any CPU
		{98FB93FB-910A-4C9C-A89B-6CB930547C1C}.Release|Any CPU.Build.0 = Release|Any CPU
		{98FB93FB-910A-4C9C-A89B-6CB930547C1C}.Release|ARM.ActiveCfg = Release|Any CPU
		{98FB93FB-910A-4C9C-A89B-6CB930547C1C}.Release|ARM.Build.0 = Release|Any CPU
		{98FB93FB-910A-4C9C-A89B-6CB930547C1C}.Release|ARM64.ActiveCfg = Release|Any CPU
		{98FB93FB-910A-4C9C-A89B-6CB930547C1C}.Release|ARM64.Build.0 = Release|Any CPU
		{98FB93FB-910A-4C9C-A89B-6CB930547C1C}.Release|iOS.ActiveCfg = Release|Any CPU
		{98FB93FB-910A-4C9C-A89B-6CB930547C1C}.Release|iOS.Build.0 = Release|Any CPU
		{98FB93FB-910A-4C9C-A89B-6CB930547C1C}.Release|Windows-ARM.ActiveCfg = Release|Any CPU
		{98FB93FB-910A-4C9C-A89B-6CB930547C1C}.Release|Windows-ARM.Build.0 = Release|Any CPU
		{98FB93FB-910A-4C9C-A89B-6CB930547C1C}.Release|Windows-x64.ActiveCfg = Release|Any CPU
		{98FB93FB-910A-4C9C-A89B-6CB930547C1C}.Release|Windows-x64.Build.0 = Release|Any CPU
		{98FB93FB-910A-4C9C-A89B-6CB930547C1C}.Release|Windows-x86.ActiveCfg = Release|Any CPU
		{98FB93FB-910A-4C9C-A89B-6CB930547C1C}.Release|Windows-x86.Build.0 = Release|Any CPU
		{98FB93FB-910A-4C9C-A89B-6CB930547C1C}.Release|x64.ActiveCfg = Release|Any CPU
		{98FB93FB-910A-4C9C-A89B-6CB930547C1C}.Release|x64.Build.0 = Release|Any CPU
		{98FB93FB-910A-4C9C-A89B-6CB930547C1C}.Release|x86.ActiveCfg = Release|Any CPU
		{98FB93FB-910A-4C9C-A89B-6CB930547C1C}.Release|x86.Build.0 = Release|Any CPU
		{E3EFFBF0-FDFF-43AB-A394-26682DFFBEEC}.Debug|Android.ActiveCfg = Debug|Any CPU
		{E3EFFBF0-FDFF-43AB-A394-26682DFFBEEC}.Debug|Android.Build.0 = Debug|Any CPU
		{E3EFFBF0-FDFF-43AB-A394-26682DFFBEEC}.Debug|Android.Deploy.0 = Debug|Any CPU
		{E3EFFBF0-FDFF-43AB-A394-26682DFFBEEC}.Debug|Any CPU.ActiveCfg = Debug|Any CPU
		{E3EFFBF0-FDFF-43AB-A394-26682DFFBEEC}.Debug|Any CPU.Build.0 = Debug|Any CPU
		{E3EFFBF0-FDFF-43AB-A394-26682DFFBEEC}.Debug|Any CPU.Deploy.0 = Debug|Any CPU
		{E3EFFBF0-FDFF-43AB-A394-26682DFFBEEC}.Debug|ARM.ActiveCfg = Debug|ARM
		{E3EFFBF0-FDFF-43AB-A394-26682DFFBEEC}.Debug|ARM.Build.0 = Debug|ARM
		{E3EFFBF0-FDFF-43AB-A394-26682DFFBEEC}.Debug|ARM.Deploy.0 = Debug|ARM
		{E3EFFBF0-FDFF-43AB-A394-26682DFFBEEC}.Debug|ARM64.ActiveCfg = Debug|ARM64
		{E3EFFBF0-FDFF-43AB-A394-26682DFFBEEC}.Debug|ARM64.Build.0 = Debug|ARM64
		{E3EFFBF0-FDFF-43AB-A394-26682DFFBEEC}.Debug|ARM64.Deploy.0 = Debug|ARM64
		{E3EFFBF0-FDFF-43AB-A394-26682DFFBEEC}.Debug|iOS.ActiveCfg = Debug|Any CPU
		{E3EFFBF0-FDFF-43AB-A394-26682DFFBEEC}.Debug|iOS.Build.0 = Debug|Any CPU
		{E3EFFBF0-FDFF-43AB-A394-26682DFFBEEC}.Debug|iOS.Deploy.0 = Debug|Any CPU
		{E3EFFBF0-FDFF-43AB-A394-26682DFFBEEC}.Debug|Windows-ARM.ActiveCfg = Debug|Any CPU
		{E3EFFBF0-FDFF-43AB-A394-26682DFFBEEC}.Debug|Windows-ARM.Build.0 = Debug|Any CPU
		{E3EFFBF0-FDFF-43AB-A394-26682DFFBEEC}.Debug|Windows-ARM.Deploy.0 = Debug|Any CPU
		{E3EFFBF0-FDFF-43AB-A394-26682DFFBEEC}.Debug|Windows-x64.ActiveCfg = Debug|Any CPU
		{E3EFFBF0-FDFF-43AB-A394-26682DFFBEEC}.Debug|Windows-x64.Build.0 = Debug|Any CPU
		{E3EFFBF0-FDFF-43AB-A394-26682DFFBEEC}.Debug|Windows-x64.Deploy.0 = Debug|Any CPU
		{E3EFFBF0-FDFF-43AB-A394-26682DFFBEEC}.Debug|Windows-x86.ActiveCfg = Debug|Any CPU
		{E3EFFBF0-FDFF-43AB-A394-26682DFFBEEC}.Debug|Windows-x86.Build.0 = Debug|Any CPU
		{E3EFFBF0-FDFF-43AB-A394-26682DFFBEEC}.Debug|Windows-x86.Deploy.0 = Debug|Any CPU
		{E3EFFBF0-FDFF-43AB-A394-26682DFFBEEC}.Debug|x64.ActiveCfg = Debug|x64
		{E3EFFBF0-FDFF-43AB-A394-26682DFFBEEC}.Debug|x64.Build.0 = Debug|x64
		{E3EFFBF0-FDFF-43AB-A394-26682DFFBEEC}.Debug|x64.Deploy.0 = Debug|x64
		{E3EFFBF0-FDFF-43AB-A394-26682DFFBEEC}.Debug|x86.ActiveCfg = Debug|x86
		{E3EFFBF0-FDFF-43AB-A394-26682DFFBEEC}.Debug|x86.Build.0 = Debug|x86
		{E3EFFBF0-FDFF-43AB-A394-26682DFFBEEC}.Debug|x86.Deploy.0 = Debug|x86
		{E3EFFBF0-FDFF-43AB-A394-26682DFFBEEC}.Release|Android.ActiveCfg = Release|Any CPU
		{E3EFFBF0-FDFF-43AB-A394-26682DFFBEEC}.Release|Android.Build.0 = Release|Any CPU
		{E3EFFBF0-FDFF-43AB-A394-26682DFFBEEC}.Release|Android.Deploy.0 = Release|Any CPU
		{E3EFFBF0-FDFF-43AB-A394-26682DFFBEEC}.Release|Any CPU.ActiveCfg = Release|Any CPU
		{E3EFFBF0-FDFF-43AB-A394-26682DFFBEEC}.Release|Any CPU.Build.0 = Release|Any CPU
		{E3EFFBF0-FDFF-43AB-A394-26682DFFBEEC}.Release|Any CPU.Deploy.0 = Release|Any CPU
		{E3EFFBF0-FDFF-43AB-A394-26682DFFBEEC}.Release|ARM.ActiveCfg = Release|ARM
		{E3EFFBF0-FDFF-43AB-A394-26682DFFBEEC}.Release|ARM.Build.0 = Release|ARM
		{E3EFFBF0-FDFF-43AB-A394-26682DFFBEEC}.Release|ARM.Deploy.0 = Release|ARM
		{E3EFFBF0-FDFF-43AB-A394-26682DFFBEEC}.Release|ARM64.ActiveCfg = Release|ARM64
		{E3EFFBF0-FDFF-43AB-A394-26682DFFBEEC}.Release|ARM64.Build.0 = Release|ARM64
		{E3EFFBF0-FDFF-43AB-A394-26682DFFBEEC}.Release|ARM64.Deploy.0 = Release|ARM64
		{E3EFFBF0-FDFF-43AB-A394-26682DFFBEEC}.Release|iOS.ActiveCfg = Release|Any CPU
		{E3EFFBF0-FDFF-43AB-A394-26682DFFBEEC}.Release|iOS.Build.0 = Release|Any CPU
		{E3EFFBF0-FDFF-43AB-A394-26682DFFBEEC}.Release|iOS.Deploy.0 = Release|Any CPU
		{E3EFFBF0-FDFF-43AB-A394-26682DFFBEEC}.Release|Windows-ARM.ActiveCfg = Release|Any CPU
		{E3EFFBF0-FDFF-43AB-A394-26682DFFBEEC}.Release|Windows-ARM.Build.0 = Release|Any CPU
		{E3EFFBF0-FDFF-43AB-A394-26682DFFBEEC}.Release|Windows-ARM.Deploy.0 = Release|Any CPU
		{E3EFFBF0-FDFF-43AB-A394-26682DFFBEEC}.Release|Windows-x64.ActiveCfg = Release|Any CPU
		{E3EFFBF0-FDFF-43AB-A394-26682DFFBEEC}.Release|Windows-x64.Build.0 = Release|Any CPU
		{E3EFFBF0-FDFF-43AB-A394-26682DFFBEEC}.Release|Windows-x64.Deploy.0 = Release|Any CPU
		{E3EFFBF0-FDFF-43AB-A394-26682DFFBEEC}.Release|Windows-x86.ActiveCfg = Release|Any CPU
		{E3EFFBF0-FDFF-43AB-A394-26682DFFBEEC}.Release|Windows-x86.Build.0 = Release|Any CPU
		{E3EFFBF0-FDFF-43AB-A394-26682DFFBEEC}.Release|Windows-x86.Deploy.0 = Release|Any CPU
		{E3EFFBF0-FDFF-43AB-A394-26682DFFBEEC}.Release|x64.ActiveCfg = Release|x64
		{E3EFFBF0-FDFF-43AB-A394-26682DFFBEEC}.Release|x64.Build.0 = Release|x64
		{E3EFFBF0-FDFF-43AB-A394-26682DFFBEEC}.Release|x64.Deploy.0 = Release|x64
		{E3EFFBF0-FDFF-43AB-A394-26682DFFBEEC}.Release|x86.ActiveCfg = Release|x86
		{E3EFFBF0-FDFF-43AB-A394-26682DFFBEEC}.Release|x86.Build.0 = Release|x86
		{E3EFFBF0-FDFF-43AB-A394-26682DFFBEEC}.Release|x86.Deploy.0 = Release|x86
		{2A5B7C22-BFA6-4238-8E78-7DE26447D0BB}.Debug|Android.ActiveCfg = Debug|Any CPU
		{2A5B7C22-BFA6-4238-8E78-7DE26447D0BB}.Debug|Android.Build.0 = Debug|Any CPU
		{2A5B7C22-BFA6-4238-8E78-7DE26447D0BB}.Debug|Android.Deploy.0 = Debug|Any CPU
		{2A5B7C22-BFA6-4238-8E78-7DE26447D0BB}.Debug|Any CPU.ActiveCfg = Debug|Any CPU
		{2A5B7C22-BFA6-4238-8E78-7DE26447D0BB}.Debug|Any CPU.Build.0 = Debug|Any CPU
		{2A5B7C22-BFA6-4238-8E78-7DE26447D0BB}.Debug|Any CPU.Deploy.0 = Debug|Any CPU
		{2A5B7C22-BFA6-4238-8E78-7DE26447D0BB}.Debug|ARM.ActiveCfg = Debug|ARM
		{2A5B7C22-BFA6-4238-8E78-7DE26447D0BB}.Debug|ARM.Build.0 = Debug|ARM
		{2A5B7C22-BFA6-4238-8E78-7DE26447D0BB}.Debug|ARM.Deploy.0 = Debug|ARM
		{2A5B7C22-BFA6-4238-8E78-7DE26447D0BB}.Debug|ARM64.ActiveCfg = Debug|ARM64
		{2A5B7C22-BFA6-4238-8E78-7DE26447D0BB}.Debug|ARM64.Build.0 = Debug|ARM64
		{2A5B7C22-BFA6-4238-8E78-7DE26447D0BB}.Debug|ARM64.Deploy.0 = Debug|ARM64
		{2A5B7C22-BFA6-4238-8E78-7DE26447D0BB}.Debug|iOS.ActiveCfg = Debug|Any CPU
		{2A5B7C22-BFA6-4238-8E78-7DE26447D0BB}.Debug|iOS.Build.0 = Debug|Any CPU
		{2A5B7C22-BFA6-4238-8E78-7DE26447D0BB}.Debug|iOS.Deploy.0 = Debug|Any CPU
		{2A5B7C22-BFA6-4238-8E78-7DE26447D0BB}.Debug|Windows-ARM.ActiveCfg = Debug|Any CPU
		{2A5B7C22-BFA6-4238-8E78-7DE26447D0BB}.Debug|Windows-ARM.Build.0 = Debug|Any CPU
		{2A5B7C22-BFA6-4238-8E78-7DE26447D0BB}.Debug|Windows-ARM.Deploy.0 = Debug|Any CPU
		{2A5B7C22-BFA6-4238-8E78-7DE26447D0BB}.Debug|Windows-x64.ActiveCfg = Debug|Any CPU
		{2A5B7C22-BFA6-4238-8E78-7DE26447D0BB}.Debug|Windows-x64.Build.0 = Debug|Any CPU
		{2A5B7C22-BFA6-4238-8E78-7DE26447D0BB}.Debug|Windows-x64.Deploy.0 = Debug|Any CPU
		{2A5B7C22-BFA6-4238-8E78-7DE26447D0BB}.Debug|Windows-x86.ActiveCfg = Debug|Any CPU
		{2A5B7C22-BFA6-4238-8E78-7DE26447D0BB}.Debug|Windows-x86.Build.0 = Debug|Any CPU
		{2A5B7C22-BFA6-4238-8E78-7DE26447D0BB}.Debug|Windows-x86.Deploy.0 = Debug|Any CPU
		{2A5B7C22-BFA6-4238-8E78-7DE26447D0BB}.Debug|x64.ActiveCfg = Debug|x64
		{2A5B7C22-BFA6-4238-8E78-7DE26447D0BB}.Debug|x64.Build.0 = Debug|x64
		{2A5B7C22-BFA6-4238-8E78-7DE26447D0BB}.Debug|x64.Deploy.0 = Debug|x64
		{2A5B7C22-BFA6-4238-8E78-7DE26447D0BB}.Debug|x86.ActiveCfg = Debug|x86
		{2A5B7C22-BFA6-4238-8E78-7DE26447D0BB}.Debug|x86.Build.0 = Debug|x86
		{2A5B7C22-BFA6-4238-8E78-7DE26447D0BB}.Debug|x86.Deploy.0 = Debug|x86
		{2A5B7C22-BFA6-4238-8E78-7DE26447D0BB}.Release|Android.ActiveCfg = Release|Any CPU
		{2A5B7C22-BFA6-4238-8E78-7DE26447D0BB}.Release|Android.Build.0 = Release|Any CPU
		{2A5B7C22-BFA6-4238-8E78-7DE26447D0BB}.Release|Android.Deploy.0 = Release|Any CPU
		{2A5B7C22-BFA6-4238-8E78-7DE26447D0BB}.Release|Any CPU.ActiveCfg = Release|Any CPU
		{2A5B7C22-BFA6-4238-8E78-7DE26447D0BB}.Release|Any CPU.Build.0 = Release|Any CPU
		{2A5B7C22-BFA6-4238-8E78-7DE26447D0BB}.Release|Any CPU.Deploy.0 = Release|Any CPU
		{2A5B7C22-BFA6-4238-8E78-7DE26447D0BB}.Release|ARM.ActiveCfg = Release|ARM
		{2A5B7C22-BFA6-4238-8E78-7DE26447D0BB}.Release|ARM.Build.0 = Release|ARM
		{2A5B7C22-BFA6-4238-8E78-7DE26447D0BB}.Release|ARM.Deploy.0 = Release|ARM
		{2A5B7C22-BFA6-4238-8E78-7DE26447D0BB}.Release|ARM64.ActiveCfg = Release|ARM64
		{2A5B7C22-BFA6-4238-8E78-7DE26447D0BB}.Release|ARM64.Build.0 = Release|ARM64
		{2A5B7C22-BFA6-4238-8E78-7DE26447D0BB}.Release|ARM64.Deploy.0 = Release|ARM64
		{2A5B7C22-BFA6-4238-8E78-7DE26447D0BB}.Release|iOS.ActiveCfg = Release|Any CPU
		{2A5B7C22-BFA6-4238-8E78-7DE26447D0BB}.Release|iOS.Build.0 = Release|Any CPU
		{2A5B7C22-BFA6-4238-8E78-7DE26447D0BB}.Release|iOS.Deploy.0 = Release|Any CPU
		{2A5B7C22-BFA6-4238-8E78-7DE26447D0BB}.Release|Windows-ARM.ActiveCfg = Release|Any CPU
		{2A5B7C22-BFA6-4238-8E78-7DE26447D0BB}.Release|Windows-ARM.Build.0 = Release|Any CPU
		{2A5B7C22-BFA6-4238-8E78-7DE26447D0BB}.Release|Windows-ARM.Deploy.0 = Release|Any CPU
		{2A5B7C22-BFA6-4238-8E78-7DE26447D0BB}.Release|Windows-x64.ActiveCfg = Release|Any CPU
		{2A5B7C22-BFA6-4238-8E78-7DE26447D0BB}.Release|Windows-x64.Build.0 = Release|Any CPU
		{2A5B7C22-BFA6-4238-8E78-7DE26447D0BB}.Release|Windows-x64.Deploy.0 = Release|Any CPU
		{2A5B7C22-BFA6-4238-8E78-7DE26447D0BB}.Release|Windows-x86.ActiveCfg = Release|Any CPU
		{2A5B7C22-BFA6-4238-8E78-7DE26447D0BB}.Release|Windows-x86.Build.0 = Release|Any CPU
		{2A5B7C22-BFA6-4238-8E78-7DE26447D0BB}.Release|Windows-x86.Deploy.0 = Release|Any CPU
		{2A5B7C22-BFA6-4238-8E78-7DE26447D0BB}.Release|x64.ActiveCfg = Release|x64
		{2A5B7C22-BFA6-4238-8E78-7DE26447D0BB}.Release|x64.Build.0 = Release|x64
		{2A5B7C22-BFA6-4238-8E78-7DE26447D0BB}.Release|x64.Deploy.0 = Release|x64
		{2A5B7C22-BFA6-4238-8E78-7DE26447D0BB}.Release|x86.ActiveCfg = Release|x86
		{2A5B7C22-BFA6-4238-8E78-7DE26447D0BB}.Release|x86.Build.0 = Release|x86
		{2A5B7C22-BFA6-4238-8E78-7DE26447D0BB}.Release|x86.Deploy.0 = Release|x86
		{A846EE1A-600C-4C4C-8031-50EBC8BF00E5}.Debug|Android.ActiveCfg = Debug|Any CPU
		{A846EE1A-600C-4C4C-8031-50EBC8BF00E5}.Debug|Android.Build.0 = Debug|Any CPU
		{A846EE1A-600C-4C4C-8031-50EBC8BF00E5}.Debug|Android.Deploy.0 = Debug|Any CPU
		{A846EE1A-600C-4C4C-8031-50EBC8BF00E5}.Debug|Any CPU.ActiveCfg = Debug|Any CPU
		{A846EE1A-600C-4C4C-8031-50EBC8BF00E5}.Debug|Any CPU.Build.0 = Debug|Any CPU
		{A846EE1A-600C-4C4C-8031-50EBC8BF00E5}.Debug|Any CPU.Deploy.0 = Debug|Any CPU
		{A846EE1A-600C-4C4C-8031-50EBC8BF00E5}.Debug|ARM.ActiveCfg = Debug|ARM
		{A846EE1A-600C-4C4C-8031-50EBC8BF00E5}.Debug|ARM.Build.0 = Debug|ARM
		{A846EE1A-600C-4C4C-8031-50EBC8BF00E5}.Debug|ARM.Deploy.0 = Debug|ARM
		{A846EE1A-600C-4C4C-8031-50EBC8BF00E5}.Debug|ARM64.ActiveCfg = Debug|ARM64
		{A846EE1A-600C-4C4C-8031-50EBC8BF00E5}.Debug|ARM64.Build.0 = Debug|ARM64
		{A846EE1A-600C-4C4C-8031-50EBC8BF00E5}.Debug|ARM64.Deploy.0 = Debug|ARM64
		{A846EE1A-600C-4C4C-8031-50EBC8BF00E5}.Debug|iOS.ActiveCfg = Debug|Any CPU
		{A846EE1A-600C-4C4C-8031-50EBC8BF00E5}.Debug|iOS.Build.0 = Debug|Any CPU
		{A846EE1A-600C-4C4C-8031-50EBC8BF00E5}.Debug|iOS.Deploy.0 = Debug|Any CPU
		{A846EE1A-600C-4C4C-8031-50EBC8BF00E5}.Debug|Windows-ARM.ActiveCfg = Debug|Any CPU
		{A846EE1A-600C-4C4C-8031-50EBC8BF00E5}.Debug|Windows-ARM.Build.0 = Debug|Any CPU
		{A846EE1A-600C-4C4C-8031-50EBC8BF00E5}.Debug|Windows-ARM.Deploy.0 = Debug|Any CPU
		{A846EE1A-600C-4C4C-8031-50EBC8BF00E5}.Debug|Windows-x64.ActiveCfg = Debug|Any CPU
		{A846EE1A-600C-4C4C-8031-50EBC8BF00E5}.Debug|Windows-x64.Build.0 = Debug|Any CPU
		{A846EE1A-600C-4C4C-8031-50EBC8BF00E5}.Debug|Windows-x64.Deploy.0 = Debug|Any CPU
		{A846EE1A-600C-4C4C-8031-50EBC8BF00E5}.Debug|Windows-x86.ActiveCfg = Debug|Any CPU
		{A846EE1A-600C-4C4C-8031-50EBC8BF00E5}.Debug|Windows-x86.Build.0 = Debug|Any CPU
		{A846EE1A-600C-4C4C-8031-50EBC8BF00E5}.Debug|Windows-x86.Deploy.0 = Debug|Any CPU
		{A846EE1A-600C-4C4C-8031-50EBC8BF00E5}.Debug|x64.ActiveCfg = Debug|x64
		{A846EE1A-600C-4C4C-8031-50EBC8BF00E5}.Debug|x64.Build.0 = Debug|x64
		{A846EE1A-600C-4C4C-8031-50EBC8BF00E5}.Debug|x64.Deploy.0 = Debug|x64
		{A846EE1A-600C-4C4C-8031-50EBC8BF00E5}.Debug|x86.ActiveCfg = Debug|x86
		{A846EE1A-600C-4C4C-8031-50EBC8BF00E5}.Debug|x86.Build.0 = Debug|x86
		{A846EE1A-600C-4C4C-8031-50EBC8BF00E5}.Debug|x86.Deploy.0 = Debug|x86
		{A846EE1A-600C-4C4C-8031-50EBC8BF00E5}.Release|Android.ActiveCfg = Release|Any CPU
		{A846EE1A-600C-4C4C-8031-50EBC8BF00E5}.Release|Android.Build.0 = Release|Any CPU
		{A846EE1A-600C-4C4C-8031-50EBC8BF00E5}.Release|Android.Deploy.0 = Release|Any CPU
		{A846EE1A-600C-4C4C-8031-50EBC8BF00E5}.Release|Any CPU.ActiveCfg = Release|Any CPU
		{A846EE1A-600C-4C4C-8031-50EBC8BF00E5}.Release|Any CPU.Build.0 = Release|Any CPU
		{A846EE1A-600C-4C4C-8031-50EBC8BF00E5}.Release|Any CPU.Deploy.0 = Release|Any CPU
		{A846EE1A-600C-4C4C-8031-50EBC8BF00E5}.Release|ARM.ActiveCfg = Release|ARM
		{A846EE1A-600C-4C4C-8031-50EBC8BF00E5}.Release|ARM.Build.0 = Release|ARM
		{A846EE1A-600C-4C4C-8031-50EBC8BF00E5}.Release|ARM.Deploy.0 = Release|ARM
		{A846EE1A-600C-4C4C-8031-50EBC8BF00E5}.Release|ARM64.ActiveCfg = Release|ARM64
		{A846EE1A-600C-4C4C-8031-50EBC8BF00E5}.Release|ARM64.Build.0 = Release|ARM64
		{A846EE1A-600C-4C4C-8031-50EBC8BF00E5}.Release|ARM64.Deploy.0 = Release|ARM64
		{A846EE1A-600C-4C4C-8031-50EBC8BF00E5}.Release|iOS.ActiveCfg = Release|Any CPU
		{A846EE1A-600C-4C4C-8031-50EBC8BF00E5}.Release|iOS.Build.0 = Release|Any CPU
		{A846EE1A-600C-4C4C-8031-50EBC8BF00E5}.Release|iOS.Deploy.0 = Release|Any CPU
		{A846EE1A-600C-4C4C-8031-50EBC8BF00E5}.Release|Windows-ARM.ActiveCfg = Release|Any CPU
		{A846EE1A-600C-4C4C-8031-50EBC8BF00E5}.Release|Windows-ARM.Build.0 = Release|Any CPU
		{A846EE1A-600C-4C4C-8031-50EBC8BF00E5}.Release|Windows-ARM.Deploy.0 = Release|Any CPU
		{A846EE1A-600C-4C4C-8031-50EBC8BF00E5}.Release|Windows-x64.ActiveCfg = Release|Any CPU
		{A846EE1A-600C-4C4C-8031-50EBC8BF00E5}.Release|Windows-x64.Build.0 = Release|Any CPU
		{A846EE1A-600C-4C4C-8031-50EBC8BF00E5}.Release|Windows-x64.Deploy.0 = Release|Any CPU
		{A846EE1A-600C-4C4C-8031-50EBC8BF00E5}.Release|Windows-x86.ActiveCfg = Release|Any CPU
		{A846EE1A-600C-4C4C-8031-50EBC8BF00E5}.Release|Windows-x86.Build.0 = Release|Any CPU
		{A846EE1A-600C-4C4C-8031-50EBC8BF00E5}.Release|Windows-x86.Deploy.0 = Release|Any CPU
		{A846EE1A-600C-4C4C-8031-50EBC8BF00E5}.Release|x64.ActiveCfg = Release|x64
		{A846EE1A-600C-4C4C-8031-50EBC8BF00E5}.Release|x64.Build.0 = Release|x64
		{A846EE1A-600C-4C4C-8031-50EBC8BF00E5}.Release|x64.Deploy.0 = Release|x64
		{A846EE1A-600C-4C4C-8031-50EBC8BF00E5}.Release|x86.ActiveCfg = Release|x86
		{A846EE1A-600C-4C4C-8031-50EBC8BF00E5}.Release|x86.Build.0 = Release|x86
		{A846EE1A-600C-4C4C-8031-50EBC8BF00E5}.Release|x86.Deploy.0 = Release|x86
		{29E6490B-B8A4-4F64-BAC3-818C00F4FAE5}.Debug|Android.ActiveCfg = Debug|Any CPU
		{29E6490B-B8A4-4F64-BAC3-818C00F4FAE5}.Debug|Android.Build.0 = Debug|Any CPU
		{29E6490B-B8A4-4F64-BAC3-818C00F4FAE5}.Debug|Android.Deploy.0 = Debug|Any CPU
		{29E6490B-B8A4-4F64-BAC3-818C00F4FAE5}.Debug|Any CPU.ActiveCfg = Debug|Any CPU
		{29E6490B-B8A4-4F64-BAC3-818C00F4FAE5}.Debug|Any CPU.Build.0 = Debug|Any CPU
		{29E6490B-B8A4-4F64-BAC3-818C00F4FAE5}.Debug|Any CPU.Deploy.0 = Debug|Any CPU
		{29E6490B-B8A4-4F64-BAC3-818C00F4FAE5}.Debug|ARM.ActiveCfg = Debug|ARM
		{29E6490B-B8A4-4F64-BAC3-818C00F4FAE5}.Debug|ARM.Build.0 = Debug|ARM
		{29E6490B-B8A4-4F64-BAC3-818C00F4FAE5}.Debug|ARM.Deploy.0 = Debug|ARM
		{29E6490B-B8A4-4F64-BAC3-818C00F4FAE5}.Debug|ARM64.ActiveCfg = Debug|ARM64
		{29E6490B-B8A4-4F64-BAC3-818C00F4FAE5}.Debug|ARM64.Build.0 = Debug|ARM64
		{29E6490B-B8A4-4F64-BAC3-818C00F4FAE5}.Debug|ARM64.Deploy.0 = Debug|ARM64
		{29E6490B-B8A4-4F64-BAC3-818C00F4FAE5}.Debug|iOS.ActiveCfg = Debug|Any CPU
		{29E6490B-B8A4-4F64-BAC3-818C00F4FAE5}.Debug|iOS.Build.0 = Debug|Any CPU
		{29E6490B-B8A4-4F64-BAC3-818C00F4FAE5}.Debug|iOS.Deploy.0 = Debug|Any CPU
		{29E6490B-B8A4-4F64-BAC3-818C00F4FAE5}.Debug|Windows-ARM.ActiveCfg = Debug|Any CPU
		{29E6490B-B8A4-4F64-BAC3-818C00F4FAE5}.Debug|Windows-ARM.Build.0 = Debug|Any CPU
		{29E6490B-B8A4-4F64-BAC3-818C00F4FAE5}.Debug|Windows-ARM.Deploy.0 = Debug|Any CPU
		{29E6490B-B8A4-4F64-BAC3-818C00F4FAE5}.Debug|Windows-x64.ActiveCfg = Debug|Any CPU
		{29E6490B-B8A4-4F64-BAC3-818C00F4FAE5}.Debug|Windows-x64.Build.0 = Debug|Any CPU
		{29E6490B-B8A4-4F64-BAC3-818C00F4FAE5}.Debug|Windows-x64.Deploy.0 = Debug|Any CPU
		{29E6490B-B8A4-4F64-BAC3-818C00F4FAE5}.Debug|Windows-x86.ActiveCfg = Debug|Any CPU
		{29E6490B-B8A4-4F64-BAC3-818C00F4FAE5}.Debug|Windows-x86.Build.0 = Debug|Any CPU
		{29E6490B-B8A4-4F64-BAC3-818C00F4FAE5}.Debug|Windows-x86.Deploy.0 = Debug|Any CPU
		{29E6490B-B8A4-4F64-BAC3-818C00F4FAE5}.Debug|x64.ActiveCfg = Debug|x64
		{29E6490B-B8A4-4F64-BAC3-818C00F4FAE5}.Debug|x64.Build.0 = Debug|x64
		{29E6490B-B8A4-4F64-BAC3-818C00F4FAE5}.Debug|x64.Deploy.0 = Debug|x64
		{29E6490B-B8A4-4F64-BAC3-818C00F4FAE5}.Debug|x86.ActiveCfg = Debug|x86
		{29E6490B-B8A4-4F64-BAC3-818C00F4FAE5}.Debug|x86.Build.0 = Debug|x86
		{29E6490B-B8A4-4F64-BAC3-818C00F4FAE5}.Debug|x86.Deploy.0 = Debug|x86
		{29E6490B-B8A4-4F64-BAC3-818C00F4FAE5}.Release|Android.ActiveCfg = Release|Any CPU
		{29E6490B-B8A4-4F64-BAC3-818C00F4FAE5}.Release|Android.Build.0 = Release|Any CPU
		{29E6490B-B8A4-4F64-BAC3-818C00F4FAE5}.Release|Android.Deploy.0 = Release|Any CPU
		{29E6490B-B8A4-4F64-BAC3-818C00F4FAE5}.Release|Any CPU.ActiveCfg = Release|Any CPU
		{29E6490B-B8A4-4F64-BAC3-818C00F4FAE5}.Release|Any CPU.Build.0 = Release|Any CPU
		{29E6490B-B8A4-4F64-BAC3-818C00F4FAE5}.Release|Any CPU.Deploy.0 = Release|Any CPU
		{29E6490B-B8A4-4F64-BAC3-818C00F4FAE5}.Release|ARM.ActiveCfg = Release|ARM
		{29E6490B-B8A4-4F64-BAC3-818C00F4FAE5}.Release|ARM.Build.0 = Release|ARM
		{29E6490B-B8A4-4F64-BAC3-818C00F4FAE5}.Release|ARM.Deploy.0 = Release|ARM
		{29E6490B-B8A4-4F64-BAC3-818C00F4FAE5}.Release|ARM64.ActiveCfg = Release|ARM64
		{29E6490B-B8A4-4F64-BAC3-818C00F4FAE5}.Release|ARM64.Build.0 = Release|ARM64
		{29E6490B-B8A4-4F64-BAC3-818C00F4FAE5}.Release|ARM64.Deploy.0 = Release|ARM64
		{29E6490B-B8A4-4F64-BAC3-818C00F4FAE5}.Release|iOS.ActiveCfg = Release|Any CPU
		{29E6490B-B8A4-4F64-BAC3-818C00F4FAE5}.Release|iOS.Build.0 = Release|Any CPU
		{29E6490B-B8A4-4F64-BAC3-818C00F4FAE5}.Release|iOS.Deploy.0 = Release|Any CPU
		{29E6490B-B8A4-4F64-BAC3-818C00F4FAE5}.Release|Windows-ARM.ActiveCfg = Release|Any CPU
		{29E6490B-B8A4-4F64-BAC3-818C00F4FAE5}.Release|Windows-ARM.Build.0 = Release|Any CPU
		{29E6490B-B8A4-4F64-BAC3-818C00F4FAE5}.Release|Windows-ARM.Deploy.0 = Release|Any CPU
		{29E6490B-B8A4-4F64-BAC3-818C00F4FAE5}.Release|Windows-x64.ActiveCfg = Release|Any CPU
		{29E6490B-B8A4-4F64-BAC3-818C00F4FAE5}.Release|Windows-x64.Build.0 = Release|Any CPU
		{29E6490B-B8A4-4F64-BAC3-818C00F4FAE5}.Release|Windows-x64.Deploy.0 = Release|Any CPU
		{29E6490B-B8A4-4F64-BAC3-818C00F4FAE5}.Release|Windows-x86.ActiveCfg = Release|Any CPU
		{29E6490B-B8A4-4F64-BAC3-818C00F4FAE5}.Release|Windows-x86.Build.0 = Release|Any CPU
		{29E6490B-B8A4-4F64-BAC3-818C00F4FAE5}.Release|Windows-x86.Deploy.0 = Release|Any CPU
		{29E6490B-B8A4-4F64-BAC3-818C00F4FAE5}.Release|x64.ActiveCfg = Release|x64
		{29E6490B-B8A4-4F64-BAC3-818C00F4FAE5}.Release|x64.Build.0 = Release|x64
		{29E6490B-B8A4-4F64-BAC3-818C00F4FAE5}.Release|x64.Deploy.0 = Release|x64
		{29E6490B-B8A4-4F64-BAC3-818C00F4FAE5}.Release|x86.ActiveCfg = Release|x86
		{29E6490B-B8A4-4F64-BAC3-818C00F4FAE5}.Release|x86.Build.0 = Release|x86
		{29E6490B-B8A4-4F64-BAC3-818C00F4FAE5}.Release|x86.Deploy.0 = Release|x86
		{A7D42E79-2D78-4A9F-A539-5CEC80A9E598}.Debug|Android.ActiveCfg = Debug|Any CPU
		{A7D42E79-2D78-4A9F-A539-5CEC80A9E598}.Debug|Android.Build.0 = Debug|Any CPU
		{A7D42E79-2D78-4A9F-A539-5CEC80A9E598}.Debug|Android.Deploy.0 = Debug|Any CPU
		{A7D42E79-2D78-4A9F-A539-5CEC80A9E598}.Debug|Any CPU.ActiveCfg = Debug|Any CPU
		{A7D42E79-2D78-4A9F-A539-5CEC80A9E598}.Debug|Any CPU.Build.0 = Debug|Any CPU
		{A7D42E79-2D78-4A9F-A539-5CEC80A9E598}.Debug|Any CPU.Deploy.0 = Debug|Any CPU
		{A7D42E79-2D78-4A9F-A539-5CEC80A9E598}.Debug|ARM.ActiveCfg = Debug|ARM
		{A7D42E79-2D78-4A9F-A539-5CEC80A9E598}.Debug|ARM.Build.0 = Debug|ARM
		{A7D42E79-2D78-4A9F-A539-5CEC80A9E598}.Debug|ARM.Deploy.0 = Debug|ARM
		{A7D42E79-2D78-4A9F-A539-5CEC80A9E598}.Debug|ARM64.ActiveCfg = Debug|ARM64
		{A7D42E79-2D78-4A9F-A539-5CEC80A9E598}.Debug|ARM64.Build.0 = Debug|ARM64
		{A7D42E79-2D78-4A9F-A539-5CEC80A9E598}.Debug|ARM64.Deploy.0 = Debug|ARM64
		{A7D42E79-2D78-4A9F-A539-5CEC80A9E598}.Debug|iOS.ActiveCfg = Debug|Any CPU
		{A7D42E79-2D78-4A9F-A539-5CEC80A9E598}.Debug|iOS.Build.0 = Debug|Any CPU
		{A7D42E79-2D78-4A9F-A539-5CEC80A9E598}.Debug|iOS.Deploy.0 = Debug|Any CPU
		{A7D42E79-2D78-4A9F-A539-5CEC80A9E598}.Debug|Windows-ARM.ActiveCfg = Debug|Any CPU
		{A7D42E79-2D78-4A9F-A539-5CEC80A9E598}.Debug|Windows-ARM.Build.0 = Debug|Any CPU
		{A7D42E79-2D78-4A9F-A539-5CEC80A9E598}.Debug|Windows-ARM.Deploy.0 = Debug|Any CPU
		{A7D42E79-2D78-4A9F-A539-5CEC80A9E598}.Debug|Windows-x64.ActiveCfg = Debug|Any CPU
		{A7D42E79-2D78-4A9F-A539-5CEC80A9E598}.Debug|Windows-x64.Build.0 = Debug|Any CPU
		{A7D42E79-2D78-4A9F-A539-5CEC80A9E598}.Debug|Windows-x64.Deploy.0 = Debug|Any CPU
		{A7D42E79-2D78-4A9F-A539-5CEC80A9E598}.Debug|Windows-x86.ActiveCfg = Debug|Any CPU
		{A7D42E79-2D78-4A9F-A539-5CEC80A9E598}.Debug|Windows-x86.Build.0 = Debug|Any CPU
		{A7D42E79-2D78-4A9F-A539-5CEC80A9E598}.Debug|Windows-x86.Deploy.0 = Debug|Any CPU
		{A7D42E79-2D78-4A9F-A539-5CEC80A9E598}.Debug|x64.ActiveCfg = Debug|x64
		{A7D42E79-2D78-4A9F-A539-5CEC80A9E598}.Debug|x64.Build.0 = Debug|x64
		{A7D42E79-2D78-4A9F-A539-5CEC80A9E598}.Debug|x64.Deploy.0 = Debug|x64
		{A7D42E79-2D78-4A9F-A539-5CEC80A9E598}.Debug|x86.ActiveCfg = Debug|x86
		{A7D42E79-2D78-4A9F-A539-5CEC80A9E598}.Debug|x86.Build.0 = Debug|x86
		{A7D42E79-2D78-4A9F-A539-5CEC80A9E598}.Debug|x86.Deploy.0 = Debug|x86
		{A7D42E79-2D78-4A9F-A539-5CEC80A9E598}.Release|Android.ActiveCfg = Release|Any CPU
		{A7D42E79-2D78-4A9F-A539-5CEC80A9E598}.Release|Android.Build.0 = Release|Any CPU
		{A7D42E79-2D78-4A9F-A539-5CEC80A9E598}.Release|Android.Deploy.0 = Release|Any CPU
		{A7D42E79-2D78-4A9F-A539-5CEC80A9E598}.Release|Any CPU.ActiveCfg = Release|Any CPU
		{A7D42E79-2D78-4A9F-A539-5CEC80A9E598}.Release|Any CPU.Build.0 = Release|Any CPU
		{A7D42E79-2D78-4A9F-A539-5CEC80A9E598}.Release|Any CPU.Deploy.0 = Release|Any CPU
		{A7D42E79-2D78-4A9F-A539-5CEC80A9E598}.Release|ARM.ActiveCfg = Release|ARM
		{A7D42E79-2D78-4A9F-A539-5CEC80A9E598}.Release|ARM.Build.0 = Release|ARM
		{A7D42E79-2D78-4A9F-A539-5CEC80A9E598}.Release|ARM.Deploy.0 = Release|ARM
		{A7D42E79-2D78-4A9F-A539-5CEC80A9E598}.Release|ARM64.ActiveCfg = Release|ARM64
		{A7D42E79-2D78-4A9F-A539-5CEC80A9E598}.Release|ARM64.Build.0 = Release|ARM64
		{A7D42E79-2D78-4A9F-A539-5CEC80A9E598}.Release|ARM64.Deploy.0 = Release|ARM64
		{A7D42E79-2D78-4A9F-A539-5CEC80A9E598}.Release|iOS.ActiveCfg = Release|Any CPU
		{A7D42E79-2D78-4A9F-A539-5CEC80A9E598}.Release|iOS.Build.0 = Release|Any CPU
		{A7D42E79-2D78-4A9F-A539-5CEC80A9E598}.Release|iOS.Deploy.0 = Release|Any CPU
		{A7D42E79-2D78-4A9F-A539-5CEC80A9E598}.Release|Windows-ARM.ActiveCfg = Release|Any CPU
		{A7D42E79-2D78-4A9F-A539-5CEC80A9E598}.Release|Windows-ARM.Build.0 = Release|Any CPU
		{A7D42E79-2D78-4A9F-A539-5CEC80A9E598}.Release|Windows-ARM.Deploy.0 = Release|Any CPU
		{A7D42E79-2D78-4A9F-A539-5CEC80A9E598}.Release|Windows-x64.ActiveCfg = Release|Any CPU
		{A7D42E79-2D78-4A9F-A539-5CEC80A9E598}.Release|Windows-x64.Build.0 = Release|Any CPU
		{A7D42E79-2D78-4A9F-A539-5CEC80A9E598}.Release|Windows-x64.Deploy.0 = Release|Any CPU
		{A7D42E79-2D78-4A9F-A539-5CEC80A9E598}.Release|Windows-x86.ActiveCfg = Release|Any CPU
		{A7D42E79-2D78-4A9F-A539-5CEC80A9E598}.Release|Windows-x86.Build.0 = Release|Any CPU
		{A7D42E79-2D78-4A9F-A539-5CEC80A9E598}.Release|Windows-x86.Deploy.0 = Release|Any CPU
		{A7D42E79-2D78-4A9F-A539-5CEC80A9E598}.Release|x64.ActiveCfg = Release|x64
		{A7D42E79-2D78-4A9F-A539-5CEC80A9E598}.Release|x64.Build.0 = Release|x64
		{A7D42E79-2D78-4A9F-A539-5CEC80A9E598}.Release|x64.Deploy.0 = Release|x64
		{A7D42E79-2D78-4A9F-A539-5CEC80A9E598}.Release|x86.ActiveCfg = Release|x86
		{A7D42E79-2D78-4A9F-A539-5CEC80A9E598}.Release|x86.Build.0 = Release|x86
		{A7D42E79-2D78-4A9F-A539-5CEC80A9E598}.Release|x86.Deploy.0 = Release|x86
		{34730DEB-C6DE-4D2F-9F9E-5F9C009F6201}.Debug|Android.ActiveCfg = Debug|Any CPU
		{34730DEB-C6DE-4D2F-9F9E-5F9C009F6201}.Debug|Android.Build.0 = Debug|Any CPU
		{34730DEB-C6DE-4D2F-9F9E-5F9C009F6201}.Debug|Android.Deploy.0 = Debug|Any CPU
		{34730DEB-C6DE-4D2F-9F9E-5F9C009F6201}.Debug|Any CPU.ActiveCfg = Debug|Any CPU
		{34730DEB-C6DE-4D2F-9F9E-5F9C009F6201}.Debug|Any CPU.Build.0 = Debug|Any CPU
		{34730DEB-C6DE-4D2F-9F9E-5F9C009F6201}.Debug|Any CPU.Deploy.0 = Debug|Any CPU
		{34730DEB-C6DE-4D2F-9F9E-5F9C009F6201}.Debug|ARM.ActiveCfg = Debug|ARM
		{34730DEB-C6DE-4D2F-9F9E-5F9C009F6201}.Debug|ARM.Build.0 = Debug|ARM
		{34730DEB-C6DE-4D2F-9F9E-5F9C009F6201}.Debug|ARM.Deploy.0 = Debug|ARM
		{34730DEB-C6DE-4D2F-9F9E-5F9C009F6201}.Debug|ARM64.ActiveCfg = Debug|ARM64
		{34730DEB-C6DE-4D2F-9F9E-5F9C009F6201}.Debug|ARM64.Build.0 = Debug|ARM64
		{34730DEB-C6DE-4D2F-9F9E-5F9C009F6201}.Debug|ARM64.Deploy.0 = Debug|ARM64
		{34730DEB-C6DE-4D2F-9F9E-5F9C009F6201}.Debug|iOS.ActiveCfg = Debug|Any CPU
		{34730DEB-C6DE-4D2F-9F9E-5F9C009F6201}.Debug|iOS.Build.0 = Debug|Any CPU
		{34730DEB-C6DE-4D2F-9F9E-5F9C009F6201}.Debug|iOS.Deploy.0 = Debug|Any CPU
		{34730DEB-C6DE-4D2F-9F9E-5F9C009F6201}.Debug|Windows-ARM.ActiveCfg = Debug|Any CPU
		{34730DEB-C6DE-4D2F-9F9E-5F9C009F6201}.Debug|Windows-ARM.Build.0 = Debug|Any CPU
		{34730DEB-C6DE-4D2F-9F9E-5F9C009F6201}.Debug|Windows-ARM.Deploy.0 = Debug|Any CPU
		{34730DEB-C6DE-4D2F-9F9E-5F9C009F6201}.Debug|Windows-x64.ActiveCfg = Debug|Any CPU
		{34730DEB-C6DE-4D2F-9F9E-5F9C009F6201}.Debug|Windows-x64.Build.0 = Debug|Any CPU
		{34730DEB-C6DE-4D2F-9F9E-5F9C009F6201}.Debug|Windows-x64.Deploy.0 = Debug|Any CPU
		{34730DEB-C6DE-4D2F-9F9E-5F9C009F6201}.Debug|Windows-x86.ActiveCfg = Debug|Any CPU
		{34730DEB-C6DE-4D2F-9F9E-5F9C009F6201}.Debug|Windows-x86.Build.0 = Debug|Any CPU
		{34730DEB-C6DE-4D2F-9F9E-5F9C009F6201}.Debug|Windows-x86.Deploy.0 = Debug|Any CPU
		{34730DEB-C6DE-4D2F-9F9E-5F9C009F6201}.Debug|x64.ActiveCfg = Debug|x64
		{34730DEB-C6DE-4D2F-9F9E-5F9C009F6201}.Debug|x64.Build.0 = Debug|x64
		{34730DEB-C6DE-4D2F-9F9E-5F9C009F6201}.Debug|x64.Deploy.0 = Debug|x64
		{34730DEB-C6DE-4D2F-9F9E-5F9C009F6201}.Debug|x86.ActiveCfg = Debug|x86
		{34730DEB-C6DE-4D2F-9F9E-5F9C009F6201}.Debug|x86.Build.0 = Debug|x86
		{34730DEB-C6DE-4D2F-9F9E-5F9C009F6201}.Debug|x86.Deploy.0 = Debug|x86
		{34730DEB-C6DE-4D2F-9F9E-5F9C009F6201}.Release|Android.ActiveCfg = Release|Any CPU
		{34730DEB-C6DE-4D2F-9F9E-5F9C009F6201}.Release|Android.Build.0 = Release|Any CPU
		{34730DEB-C6DE-4D2F-9F9E-5F9C009F6201}.Release|Android.Deploy.0 = Release|Any CPU
		{34730DEB-C6DE-4D2F-9F9E-5F9C009F6201}.Release|Any CPU.ActiveCfg = Release|Any CPU
		{34730DEB-C6DE-4D2F-9F9E-5F9C009F6201}.Release|Any CPU.Build.0 = Release|Any CPU
		{34730DEB-C6DE-4D2F-9F9E-5F9C009F6201}.Release|Any CPU.Deploy.0 = Release|Any CPU
		{34730DEB-C6DE-4D2F-9F9E-5F9C009F6201}.Release|ARM.ActiveCfg = Release|ARM
		{34730DEB-C6DE-4D2F-9F9E-5F9C009F6201}.Release|ARM.Build.0 = Release|ARM
		{34730DEB-C6DE-4D2F-9F9E-5F9C009F6201}.Release|ARM.Deploy.0 = Release|ARM
		{34730DEB-C6DE-4D2F-9F9E-5F9C009F6201}.Release|ARM64.ActiveCfg = Release|ARM64
		{34730DEB-C6DE-4D2F-9F9E-5F9C009F6201}.Release|ARM64.Build.0 = Release|ARM64
		{34730DEB-C6DE-4D2F-9F9E-5F9C009F6201}.Release|ARM64.Deploy.0 = Release|ARM64
		{34730DEB-C6DE-4D2F-9F9E-5F9C009F6201}.Release|iOS.ActiveCfg = Release|Any CPU
		{34730DEB-C6DE-4D2F-9F9E-5F9C009F6201}.Release|iOS.Build.0 = Release|Any CPU
		{34730DEB-C6DE-4D2F-9F9E-5F9C009F6201}.Release|iOS.Deploy.0 = Release|Any CPU
		{34730DEB-C6DE-4D2F-9F9E-5F9C009F6201}.Release|Windows-ARM.ActiveCfg = Release|Any CPU
		{34730DEB-C6DE-4D2F-9F9E-5F9C009F6201}.Release|Windows-ARM.Build.0 = Release|Any CPU
		{34730DEB-C6DE-4D2F-9F9E-5F9C009F6201}.Release|Windows-ARM.Deploy.0 = Release|Any CPU
		{34730DEB-C6DE-4D2F-9F9E-5F9C009F6201}.Release|Windows-x64.ActiveCfg = Release|Any CPU
		{34730DEB-C6DE-4D2F-9F9E-5F9C009F6201}.Release|Windows-x64.Build.0 = Release|Any CPU
		{34730DEB-C6DE-4D2F-9F9E-5F9C009F6201}.Release|Windows-x64.Deploy.0 = Release|Any CPU
		{34730DEB-C6DE-4D2F-9F9E-5F9C009F6201}.Release|Windows-x86.ActiveCfg = Release|Any CPU
		{34730DEB-C6DE-4D2F-9F9E-5F9C009F6201}.Release|Windows-x86.Build.0 = Release|Any CPU
		{34730DEB-C6DE-4D2F-9F9E-5F9C009F6201}.Release|Windows-x86.Deploy.0 = Release|Any CPU
		{34730DEB-C6DE-4D2F-9F9E-5F9C009F6201}.Release|x64.ActiveCfg = Release|x64
		{34730DEB-C6DE-4D2F-9F9E-5F9C009F6201}.Release|x64.Build.0 = Release|x64
		{34730DEB-C6DE-4D2F-9F9E-5F9C009F6201}.Release|x64.Deploy.0 = Release|x64
		{34730DEB-C6DE-4D2F-9F9E-5F9C009F6201}.Release|x86.ActiveCfg = Release|x86
		{34730DEB-C6DE-4D2F-9F9E-5F9C009F6201}.Release|x86.Build.0 = Release|x86
		{34730DEB-C6DE-4D2F-9F9E-5F9C009F6201}.Release|x86.Deploy.0 = Release|x86
		{EB612689-DC34-4E6B-AB5D-B2DCD97EF0A4}.Debug|Android.ActiveCfg = Debug|Any CPU
		{EB612689-DC34-4E6B-AB5D-B2DCD97EF0A4}.Debug|Android.Build.0 = Debug|Any CPU
		{EB612689-DC34-4E6B-AB5D-B2DCD97EF0A4}.Debug|Android.Deploy.0 = Debug|Any CPU
		{EB612689-DC34-4E6B-AB5D-B2DCD97EF0A4}.Debug|Any CPU.ActiveCfg = Debug|Any CPU
		{EB612689-DC34-4E6B-AB5D-B2DCD97EF0A4}.Debug|Any CPU.Build.0 = Debug|Any CPU
		{EB612689-DC34-4E6B-AB5D-B2DCD97EF0A4}.Debug|Any CPU.Deploy.0 = Debug|Any CPU
		{EB612689-DC34-4E6B-AB5D-B2DCD97EF0A4}.Debug|ARM.ActiveCfg = Debug|ARM
		{EB612689-DC34-4E6B-AB5D-B2DCD97EF0A4}.Debug|ARM.Build.0 = Debug|ARM
		{EB612689-DC34-4E6B-AB5D-B2DCD97EF0A4}.Debug|ARM.Deploy.0 = Debug|ARM
		{EB612689-DC34-4E6B-AB5D-B2DCD97EF0A4}.Debug|ARM64.ActiveCfg = Debug|ARM64
		{EB612689-DC34-4E6B-AB5D-B2DCD97EF0A4}.Debug|ARM64.Build.0 = Debug|ARM64
		{EB612689-DC34-4E6B-AB5D-B2DCD97EF0A4}.Debug|ARM64.Deploy.0 = Debug|ARM64
		{EB612689-DC34-4E6B-AB5D-B2DCD97EF0A4}.Debug|iOS.ActiveCfg = Debug|Any CPU
		{EB612689-DC34-4E6B-AB5D-B2DCD97EF0A4}.Debug|iOS.Build.0 = Debug|Any CPU
		{EB612689-DC34-4E6B-AB5D-B2DCD97EF0A4}.Debug|iOS.Deploy.0 = Debug|Any CPU
		{EB612689-DC34-4E6B-AB5D-B2DCD97EF0A4}.Debug|Windows-ARM.ActiveCfg = Debug|Any CPU
		{EB612689-DC34-4E6B-AB5D-B2DCD97EF0A4}.Debug|Windows-ARM.Build.0 = Debug|Any CPU
		{EB612689-DC34-4E6B-AB5D-B2DCD97EF0A4}.Debug|Windows-ARM.Deploy.0 = Debug|Any CPU
		{EB612689-DC34-4E6B-AB5D-B2DCD97EF0A4}.Debug|Windows-x64.ActiveCfg = Debug|Any CPU
		{EB612689-DC34-4E6B-AB5D-B2DCD97EF0A4}.Debug|Windows-x64.Build.0 = Debug|Any CPU
		{EB612689-DC34-4E6B-AB5D-B2DCD97EF0A4}.Debug|Windows-x64.Deploy.0 = Debug|Any CPU
		{EB612689-DC34-4E6B-AB5D-B2DCD97EF0A4}.Debug|Windows-x86.ActiveCfg = Debug|Any CPU
		{EB612689-DC34-4E6B-AB5D-B2DCD97EF0A4}.Debug|Windows-x86.Build.0 = Debug|Any CPU
		{EB612689-DC34-4E6B-AB5D-B2DCD97EF0A4}.Debug|Windows-x86.Deploy.0 = Debug|Any CPU
		{EB612689-DC34-4E6B-AB5D-B2DCD97EF0A4}.Debug|x64.ActiveCfg = Debug|x64
		{EB612689-DC34-4E6B-AB5D-B2DCD97EF0A4}.Debug|x64.Build.0 = Debug|x64
		{EB612689-DC34-4E6B-AB5D-B2DCD97EF0A4}.Debug|x64.Deploy.0 = Debug|x64
		{EB612689-DC34-4E6B-AB5D-B2DCD97EF0A4}.Debug|x86.ActiveCfg = Debug|x86
		{EB612689-DC34-4E6B-AB5D-B2DCD97EF0A4}.Debug|x86.Build.0 = Debug|x86
		{EB612689-DC34-4E6B-AB5D-B2DCD97EF0A4}.Debug|x86.Deploy.0 = Debug|x86
		{EB612689-DC34-4E6B-AB5D-B2DCD97EF0A4}.Release|Android.ActiveCfg = Release|Any CPU
		{EB612689-DC34-4E6B-AB5D-B2DCD97EF0A4}.Release|Android.Build.0 = Release|Any CPU
		{EB612689-DC34-4E6B-AB5D-B2DCD97EF0A4}.Release|Android.Deploy.0 = Release|Any CPU
		{EB612689-DC34-4E6B-AB5D-B2DCD97EF0A4}.Release|Any CPU.ActiveCfg = Release|Any CPU
		{EB612689-DC34-4E6B-AB5D-B2DCD97EF0A4}.Release|Any CPU.Build.0 = Release|Any CPU
		{EB612689-DC34-4E6B-AB5D-B2DCD97EF0A4}.Release|Any CPU.Deploy.0 = Release|Any CPU
		{EB612689-DC34-4E6B-AB5D-B2DCD97EF0A4}.Release|ARM.ActiveCfg = Release|ARM
		{EB612689-DC34-4E6B-AB5D-B2DCD97EF0A4}.Release|ARM.Build.0 = Release|ARM
		{EB612689-DC34-4E6B-AB5D-B2DCD97EF0A4}.Release|ARM.Deploy.0 = Release|ARM
		{EB612689-DC34-4E6B-AB5D-B2DCD97EF0A4}.Release|ARM64.ActiveCfg = Release|ARM64
		{EB612689-DC34-4E6B-AB5D-B2DCD97EF0A4}.Release|ARM64.Build.0 = Release|ARM64
		{EB612689-DC34-4E6B-AB5D-B2DCD97EF0A4}.Release|ARM64.Deploy.0 = Release|ARM64
		{EB612689-DC34-4E6B-AB5D-B2DCD97EF0A4}.Release|iOS.ActiveCfg = Release|Any CPU
		{EB612689-DC34-4E6B-AB5D-B2DCD97EF0A4}.Release|iOS.Build.0 = Release|Any CPU
		{EB612689-DC34-4E6B-AB5D-B2DCD97EF0A4}.Release|iOS.Deploy.0 = Release|Any CPU
		{EB612689-DC34-4E6B-AB5D-B2DCD97EF0A4}.Release|Windows-ARM.ActiveCfg = Release|Any CPU
		{EB612689-DC34-4E6B-AB5D-B2DCD97EF0A4}.Release|Windows-ARM.Build.0 = Release|Any CPU
		{EB612689-DC34-4E6B-AB5D-B2DCD97EF0A4}.Release|Windows-ARM.Deploy.0 = Release|Any CPU
		{EB612689-DC34-4E6B-AB5D-B2DCD97EF0A4}.Release|Windows-x64.ActiveCfg = Release|Any CPU
		{EB612689-DC34-4E6B-AB5D-B2DCD97EF0A4}.Release|Windows-x64.Build.0 = Release|Any CPU
		{EB612689-DC34-4E6B-AB5D-B2DCD97EF0A4}.Release|Windows-x64.Deploy.0 = Release|Any CPU
		{EB612689-DC34-4E6B-AB5D-B2DCD97EF0A4}.Release|Windows-x86.ActiveCfg = Release|Any CPU
		{EB612689-DC34-4E6B-AB5D-B2DCD97EF0A4}.Release|Windows-x86.Build.0 = Release|Any CPU
		{EB612689-DC34-4E6B-AB5D-B2DCD97EF0A4}.Release|Windows-x86.Deploy.0 = Release|Any CPU
		{EB612689-DC34-4E6B-AB5D-B2DCD97EF0A4}.Release|x64.ActiveCfg = Release|x64
		{EB612689-DC34-4E6B-AB5D-B2DCD97EF0A4}.Release|x64.Build.0 = Release|x64
		{EB612689-DC34-4E6B-AB5D-B2DCD97EF0A4}.Release|x64.Deploy.0 = Release|x64
		{EB612689-DC34-4E6B-AB5D-B2DCD97EF0A4}.Release|x86.ActiveCfg = Release|x86
		{EB612689-DC34-4E6B-AB5D-B2DCD97EF0A4}.Release|x86.Build.0 = Release|x86
		{EB612689-DC34-4E6B-AB5D-B2DCD97EF0A4}.Release|x86.Deploy.0 = Release|x86
		{05A19596-205B-4D94-9F13-B8893F9520C4}.Debug|Android.ActiveCfg = Debug|Any CPU
		{05A19596-205B-4D94-9F13-B8893F9520C4}.Debug|Android.Build.0 = Debug|Any CPU
		{05A19596-205B-4D94-9F13-B8893F9520C4}.Debug|Android.Deploy.0 = Debug|Any CPU
		{05A19596-205B-4D94-9F13-B8893F9520C4}.Debug|Any CPU.ActiveCfg = Debug|Any CPU
		{05A19596-205B-4D94-9F13-B8893F9520C4}.Debug|Any CPU.Build.0 = Debug|Any CPU
		{05A19596-205B-4D94-9F13-B8893F9520C4}.Debug|Any CPU.Deploy.0 = Debug|Any CPU
		{05A19596-205B-4D94-9F13-B8893F9520C4}.Debug|ARM.ActiveCfg = Debug|ARM
		{05A19596-205B-4D94-9F13-B8893F9520C4}.Debug|ARM.Build.0 = Debug|ARM
		{05A19596-205B-4D94-9F13-B8893F9520C4}.Debug|ARM.Deploy.0 = Debug|ARM
		{05A19596-205B-4D94-9F13-B8893F9520C4}.Debug|ARM64.ActiveCfg = Debug|ARM64
		{05A19596-205B-4D94-9F13-B8893F9520C4}.Debug|ARM64.Build.0 = Debug|ARM64
		{05A19596-205B-4D94-9F13-B8893F9520C4}.Debug|ARM64.Deploy.0 = Debug|ARM64
		{05A19596-205B-4D94-9F13-B8893F9520C4}.Debug|iOS.ActiveCfg = Debug|Any CPU
		{05A19596-205B-4D94-9F13-B8893F9520C4}.Debug|iOS.Build.0 = Debug|Any CPU
		{05A19596-205B-4D94-9F13-B8893F9520C4}.Debug|iOS.Deploy.0 = Debug|Any CPU
		{05A19596-205B-4D94-9F13-B8893F9520C4}.Debug|Windows-ARM.ActiveCfg = Debug|Any CPU
		{05A19596-205B-4D94-9F13-B8893F9520C4}.Debug|Windows-ARM.Build.0 = Debug|Any CPU
		{05A19596-205B-4D94-9F13-B8893F9520C4}.Debug|Windows-ARM.Deploy.0 = Debug|Any CPU
		{05A19596-205B-4D94-9F13-B8893F9520C4}.Debug|Windows-x64.ActiveCfg = Debug|Any CPU
		{05A19596-205B-4D94-9F13-B8893F9520C4}.Debug|Windows-x64.Build.0 = Debug|Any CPU
		{05A19596-205B-4D94-9F13-B8893F9520C4}.Debug|Windows-x64.Deploy.0 = Debug|Any CPU
		{05A19596-205B-4D94-9F13-B8893F9520C4}.Debug|Windows-x86.ActiveCfg = Debug|Any CPU
		{05A19596-205B-4D94-9F13-B8893F9520C4}.Debug|Windows-x86.Build.0 = Debug|Any CPU
		{05A19596-205B-4D94-9F13-B8893F9520C4}.Debug|Windows-x86.Deploy.0 = Debug|Any CPU
		{05A19596-205B-4D94-9F13-B8893F9520C4}.Debug|x64.ActiveCfg = Debug|x64
		{05A19596-205B-4D94-9F13-B8893F9520C4}.Debug|x64.Build.0 = Debug|x64
		{05A19596-205B-4D94-9F13-B8893F9520C4}.Debug|x64.Deploy.0 = Debug|x64
		{05A19596-205B-4D94-9F13-B8893F9520C4}.Debug|x86.ActiveCfg = Debug|x86
		{05A19596-205B-4D94-9F13-B8893F9520C4}.Debug|x86.Build.0 = Debug|x86
		{05A19596-205B-4D94-9F13-B8893F9520C4}.Debug|x86.Deploy.0 = Debug|x86
		{05A19596-205B-4D94-9F13-B8893F9520C4}.Release|Android.ActiveCfg = Release|Any CPU
		{05A19596-205B-4D94-9F13-B8893F9520C4}.Release|Android.Build.0 = Release|Any CPU
		{05A19596-205B-4D94-9F13-B8893F9520C4}.Release|Android.Deploy.0 = Release|Any CPU
		{05A19596-205B-4D94-9F13-B8893F9520C4}.Release|Any CPU.ActiveCfg = Release|Any CPU
		{05A19596-205B-4D94-9F13-B8893F9520C4}.Release|Any CPU.Build.0 = Release|Any CPU
		{05A19596-205B-4D94-9F13-B8893F9520C4}.Release|Any CPU.Deploy.0 = Release|Any CPU
		{05A19596-205B-4D94-9F13-B8893F9520C4}.Release|ARM.ActiveCfg = Release|ARM
		{05A19596-205B-4D94-9F13-B8893F9520C4}.Release|ARM.Build.0 = Release|ARM
		{05A19596-205B-4D94-9F13-B8893F9520C4}.Release|ARM.Deploy.0 = Release|ARM
		{05A19596-205B-4D94-9F13-B8893F9520C4}.Release|ARM64.ActiveCfg = Release|ARM64
		{05A19596-205B-4D94-9F13-B8893F9520C4}.Release|ARM64.Build.0 = Release|ARM64
		{05A19596-205B-4D94-9F13-B8893F9520C4}.Release|ARM64.Deploy.0 = Release|ARM64
		{05A19596-205B-4D94-9F13-B8893F9520C4}.Release|iOS.ActiveCfg = Release|Any CPU
		{05A19596-205B-4D94-9F13-B8893F9520C4}.Release|iOS.Build.0 = Release|Any CPU
		{05A19596-205B-4D94-9F13-B8893F9520C4}.Release|iOS.Deploy.0 = Release|Any CPU
		{05A19596-205B-4D94-9F13-B8893F9520C4}.Release|Windows-ARM.ActiveCfg = Release|Any CPU
		{05A19596-205B-4D94-9F13-B8893F9520C4}.Release|Windows-ARM.Build.0 = Release|Any CPU
		{05A19596-205B-4D94-9F13-B8893F9520C4}.Release|Windows-ARM.Deploy.0 = Release|Any CPU
		{05A19596-205B-4D94-9F13-B8893F9520C4}.Release|Windows-x64.ActiveCfg = Release|Any CPU
		{05A19596-205B-4D94-9F13-B8893F9520C4}.Release|Windows-x64.Build.0 = Release|Any CPU
		{05A19596-205B-4D94-9F13-B8893F9520C4}.Release|Windows-x64.Deploy.0 = Release|Any CPU
		{05A19596-205B-4D94-9F13-B8893F9520C4}.Release|Windows-x86.ActiveCfg = Release|Any CPU
		{05A19596-205B-4D94-9F13-B8893F9520C4}.Release|Windows-x86.Build.0 = Release|Any CPU
		{05A19596-205B-4D94-9F13-B8893F9520C4}.Release|Windows-x86.Deploy.0 = Release|Any CPU
		{05A19596-205B-4D94-9F13-B8893F9520C4}.Release|x64.ActiveCfg = Release|x64
		{05A19596-205B-4D94-9F13-B8893F9520C4}.Release|x64.Build.0 = Release|x64
		{05A19596-205B-4D94-9F13-B8893F9520C4}.Release|x64.Deploy.0 = Release|x64
		{05A19596-205B-4D94-9F13-B8893F9520C4}.Release|x86.ActiveCfg = Release|x86
		{05A19596-205B-4D94-9F13-B8893F9520C4}.Release|x86.Build.0 = Release|x86
		{05A19596-205B-4D94-9F13-B8893F9520C4}.Release|x86.Deploy.0 = Release|x86
		{5B87DBC9-9C39-4391-923C-C27D018F1C0D}.Debug|Android.ActiveCfg = Debug|Any CPU
		{5B87DBC9-9C39-4391-923C-C27D018F1C0D}.Debug|Android.Build.0 = Debug|Any CPU
		{5B87DBC9-9C39-4391-923C-C27D018F1C0D}.Debug|Android.Deploy.0 = Debug|Any CPU
		{5B87DBC9-9C39-4391-923C-C27D018F1C0D}.Debug|Any CPU.ActiveCfg = Debug|Any CPU
		{5B87DBC9-9C39-4391-923C-C27D018F1C0D}.Debug|Any CPU.Build.0 = Debug|Any CPU
		{5B87DBC9-9C39-4391-923C-C27D018F1C0D}.Debug|Any CPU.Deploy.0 = Debug|Any CPU
		{5B87DBC9-9C39-4391-923C-C27D018F1C0D}.Debug|ARM.ActiveCfg = Debug|ARM
		{5B87DBC9-9C39-4391-923C-C27D018F1C0D}.Debug|ARM.Build.0 = Debug|ARM
		{5B87DBC9-9C39-4391-923C-C27D018F1C0D}.Debug|ARM.Deploy.0 = Debug|ARM
		{5B87DBC9-9C39-4391-923C-C27D018F1C0D}.Debug|ARM64.ActiveCfg = Debug|ARM64
		{5B87DBC9-9C39-4391-923C-C27D018F1C0D}.Debug|ARM64.Build.0 = Debug|ARM64
		{5B87DBC9-9C39-4391-923C-C27D018F1C0D}.Debug|ARM64.Deploy.0 = Debug|ARM64
		{5B87DBC9-9C39-4391-923C-C27D018F1C0D}.Debug|iOS.ActiveCfg = Debug|Any CPU
		{5B87DBC9-9C39-4391-923C-C27D018F1C0D}.Debug|iOS.Build.0 = Debug|Any CPU
		{5B87DBC9-9C39-4391-923C-C27D018F1C0D}.Debug|iOS.Deploy.0 = Debug|Any CPU
		{5B87DBC9-9C39-4391-923C-C27D018F1C0D}.Debug|Windows-ARM.ActiveCfg = Debug|Any CPU
		{5B87DBC9-9C39-4391-923C-C27D018F1C0D}.Debug|Windows-ARM.Build.0 = Debug|Any CPU
		{5B87DBC9-9C39-4391-923C-C27D018F1C0D}.Debug|Windows-ARM.Deploy.0 = Debug|Any CPU
		{5B87DBC9-9C39-4391-923C-C27D018F1C0D}.Debug|Windows-x64.ActiveCfg = Debug|Any CPU
		{5B87DBC9-9C39-4391-923C-C27D018F1C0D}.Debug|Windows-x64.Build.0 = Debug|Any CPU
		{5B87DBC9-9C39-4391-923C-C27D018F1C0D}.Debug|Windows-x64.Deploy.0 = Debug|Any CPU
		{5B87DBC9-9C39-4391-923C-C27D018F1C0D}.Debug|Windows-x86.ActiveCfg = Debug|Any CPU
		{5B87DBC9-9C39-4391-923C-C27D018F1C0D}.Debug|Windows-x86.Build.0 = Debug|Any CPU
		{5B87DBC9-9C39-4391-923C-C27D018F1C0D}.Debug|Windows-x86.Deploy.0 = Debug|Any CPU
		{5B87DBC9-9C39-4391-923C-C27D018F1C0D}.Debug|x64.ActiveCfg = Debug|x64
		{5B87DBC9-9C39-4391-923C-C27D018F1C0D}.Debug|x64.Build.0 = Debug|x64
		{5B87DBC9-9C39-4391-923C-C27D018F1C0D}.Debug|x64.Deploy.0 = Debug|x64
		{5B87DBC9-9C39-4391-923C-C27D018F1C0D}.Debug|x86.ActiveCfg = Debug|x86
		{5B87DBC9-9C39-4391-923C-C27D018F1C0D}.Debug|x86.Build.0 = Debug|x86
		{5B87DBC9-9C39-4391-923C-C27D018F1C0D}.Debug|x86.Deploy.0 = Debug|x86
		{5B87DBC9-9C39-4391-923C-C27D018F1C0D}.Release|Android.ActiveCfg = Release|Any CPU
		{5B87DBC9-9C39-4391-923C-C27D018F1C0D}.Release|Android.Build.0 = Release|Any CPU
		{5B87DBC9-9C39-4391-923C-C27D018F1C0D}.Release|Android.Deploy.0 = Release|Any CPU
		{5B87DBC9-9C39-4391-923C-C27D018F1C0D}.Release|Any CPU.ActiveCfg = Release|Any CPU
		{5B87DBC9-9C39-4391-923C-C27D018F1C0D}.Release|Any CPU.Build.0 = Release|Any CPU
		{5B87DBC9-9C39-4391-923C-C27D018F1C0D}.Release|Any CPU.Deploy.0 = Release|Any CPU
		{5B87DBC9-9C39-4391-923C-C27D018F1C0D}.Release|ARM.ActiveCfg = Release|ARM
		{5B87DBC9-9C39-4391-923C-C27D018F1C0D}.Release|ARM.Build.0 = Release|ARM
		{5B87DBC9-9C39-4391-923C-C27D018F1C0D}.Release|ARM.Deploy.0 = Release|ARM
		{5B87DBC9-9C39-4391-923C-C27D018F1C0D}.Release|ARM64.ActiveCfg = Release|ARM64
		{5B87DBC9-9C39-4391-923C-C27D018F1C0D}.Release|ARM64.Build.0 = Release|ARM64
		{5B87DBC9-9C39-4391-923C-C27D018F1C0D}.Release|ARM64.Deploy.0 = Release|ARM64
		{5B87DBC9-9C39-4391-923C-C27D018F1C0D}.Release|iOS.ActiveCfg = Release|Any CPU
		{5B87DBC9-9C39-4391-923C-C27D018F1C0D}.Release|iOS.Build.0 = Release|Any CPU
		{5B87DBC9-9C39-4391-923C-C27D018F1C0D}.Release|iOS.Deploy.0 = Release|Any CPU
		{5B87DBC9-9C39-4391-923C-C27D018F1C0D}.Release|Windows-ARM.ActiveCfg = Release|Any CPU
		{5B87DBC9-9C39-4391-923C-C27D018F1C0D}.Release|Windows-ARM.Build.0 = Release|Any CPU
		{5B87DBC9-9C39-4391-923C-C27D018F1C0D}.Release|Windows-ARM.Deploy.0 = Release|Any CPU
		{5B87DBC9-9C39-4391-923C-C27D018F1C0D}.Release|Windows-x64.ActiveCfg = Release|Any CPU
		{5B87DBC9-9C39-4391-923C-C27D018F1C0D}.Release|Windows-x64.Build.0 = Release|Any CPU
		{5B87DBC9-9C39-4391-923C-C27D018F1C0D}.Release|Windows-x64.Deploy.0 = Release|Any CPU
		{5B87DBC9-9C39-4391-923C-C27D018F1C0D}.Release|Windows-x86.ActiveCfg = Release|Any CPU
		{5B87DBC9-9C39-4391-923C-C27D018F1C0D}.Release|Windows-x86.Build.0 = Release|Any CPU
		{5B87DBC9-9C39-4391-923C-C27D018F1C0D}.Release|Windows-x86.Deploy.0 = Release|Any CPU
		{5B87DBC9-9C39-4391-923C-C27D018F1C0D}.Release|x64.ActiveCfg = Release|x64
		{5B87DBC9-9C39-4391-923C-C27D018F1C0D}.Release|x64.Build.0 = Release|x64
		{5B87DBC9-9C39-4391-923C-C27D018F1C0D}.Release|x64.Deploy.0 = Release|x64
		{5B87DBC9-9C39-4391-923C-C27D018F1C0D}.Release|x86.ActiveCfg = Release|x86
		{5B87DBC9-9C39-4391-923C-C27D018F1C0D}.Release|x86.Build.0 = Release|x86
		{5B87DBC9-9C39-4391-923C-C27D018F1C0D}.Release|x86.Deploy.0 = Release|x86
		{B0C69DDE-6AA7-4993-A996-003614D7704A}.Debug|Android.ActiveCfg = Debug|Any CPU
		{B0C69DDE-6AA7-4993-A996-003614D7704A}.Debug|Android.Build.0 = Debug|Any CPU
		{B0C69DDE-6AA7-4993-A996-003614D7704A}.Debug|Android.Deploy.0 = Debug|Any CPU
		{B0C69DDE-6AA7-4993-A996-003614D7704A}.Debug|Any CPU.ActiveCfg = Debug|Any CPU
		{B0C69DDE-6AA7-4993-A996-003614D7704A}.Debug|Any CPU.Build.0 = Debug|Any CPU
		{B0C69DDE-6AA7-4993-A996-003614D7704A}.Debug|Any CPU.Deploy.0 = Debug|Any CPU
		{B0C69DDE-6AA7-4993-A996-003614D7704A}.Debug|ARM.ActiveCfg = Debug|ARM
		{B0C69DDE-6AA7-4993-A996-003614D7704A}.Debug|ARM.Build.0 = Debug|ARM
		{B0C69DDE-6AA7-4993-A996-003614D7704A}.Debug|ARM.Deploy.0 = Debug|ARM
		{B0C69DDE-6AA7-4993-A996-003614D7704A}.Debug|ARM64.ActiveCfg = Debug|ARM64
		{B0C69DDE-6AA7-4993-A996-003614D7704A}.Debug|ARM64.Build.0 = Debug|ARM64
		{B0C69DDE-6AA7-4993-A996-003614D7704A}.Debug|ARM64.Deploy.0 = Debug|ARM64
		{B0C69DDE-6AA7-4993-A996-003614D7704A}.Debug|iOS.ActiveCfg = Debug|Any CPU
		{B0C69DDE-6AA7-4993-A996-003614D7704A}.Debug|iOS.Build.0 = Debug|Any CPU
		{B0C69DDE-6AA7-4993-A996-003614D7704A}.Debug|iOS.Deploy.0 = Debug|Any CPU
		{B0C69DDE-6AA7-4993-A996-003614D7704A}.Debug|Windows-ARM.ActiveCfg = Debug|Any CPU
		{B0C69DDE-6AA7-4993-A996-003614D7704A}.Debug|Windows-ARM.Build.0 = Debug|Any CPU
		{B0C69DDE-6AA7-4993-A996-003614D7704A}.Debug|Windows-ARM.Deploy.0 = Debug|Any CPU
		{B0C69DDE-6AA7-4993-A996-003614D7704A}.Debug|Windows-x64.ActiveCfg = Debug|Any CPU
		{B0C69DDE-6AA7-4993-A996-003614D7704A}.Debug|Windows-x64.Build.0 = Debug|Any CPU
		{B0C69DDE-6AA7-4993-A996-003614D7704A}.Debug|Windows-x64.Deploy.0 = Debug|Any CPU
		{B0C69DDE-6AA7-4993-A996-003614D7704A}.Debug|Windows-x86.ActiveCfg = Debug|Any CPU
		{B0C69DDE-6AA7-4993-A996-003614D7704A}.Debug|Windows-x86.Build.0 = Debug|Any CPU
		{B0C69DDE-6AA7-4993-A996-003614D7704A}.Debug|Windows-x86.Deploy.0 = Debug|Any CPU
		{B0C69DDE-6AA7-4993-A996-003614D7704A}.Debug|x64.ActiveCfg = Debug|x64
		{B0C69DDE-6AA7-4993-A996-003614D7704A}.Debug|x64.Build.0 = Debug|x64
		{B0C69DDE-6AA7-4993-A996-003614D7704A}.Debug|x64.Deploy.0 = Debug|x64
		{B0C69DDE-6AA7-4993-A996-003614D7704A}.Debug|x86.ActiveCfg = Debug|x86
		{B0C69DDE-6AA7-4993-A996-003614D7704A}.Debug|x86.Build.0 = Debug|x86
		{B0C69DDE-6AA7-4993-A996-003614D7704A}.Debug|x86.Deploy.0 = Debug|x86
		{B0C69DDE-6AA7-4993-A996-003614D7704A}.Release|Android.ActiveCfg = Release|Any CPU
		{B0C69DDE-6AA7-4993-A996-003614D7704A}.Release|Android.Build.0 = Release|Any CPU
		{B0C69DDE-6AA7-4993-A996-003614D7704A}.Release|Android.Deploy.0 = Release|Any CPU
		{B0C69DDE-6AA7-4993-A996-003614D7704A}.Release|Any CPU.ActiveCfg = Release|Any CPU
		{B0C69DDE-6AA7-4993-A996-003614D7704A}.Release|Any CPU.Build.0 = Release|Any CPU
		{B0C69DDE-6AA7-4993-A996-003614D7704A}.Release|Any CPU.Deploy.0 = Release|Any CPU
		{B0C69DDE-6AA7-4993-A996-003614D7704A}.Release|ARM.ActiveCfg = Release|ARM
		{B0C69DDE-6AA7-4993-A996-003614D7704A}.Release|ARM.Build.0 = Release|ARM
		{B0C69DDE-6AA7-4993-A996-003614D7704A}.Release|ARM.Deploy.0 = Release|ARM
		{B0C69DDE-6AA7-4993-A996-003614D7704A}.Release|ARM64.ActiveCfg = Release|ARM64
		{B0C69DDE-6AA7-4993-A996-003614D7704A}.Release|ARM64.Build.0 = Release|ARM64
		{B0C69DDE-6AA7-4993-A996-003614D7704A}.Release|ARM64.Deploy.0 = Release|ARM64
		{B0C69DDE-6AA7-4993-A996-003614D7704A}.Release|iOS.ActiveCfg = Release|Any CPU
		{B0C69DDE-6AA7-4993-A996-003614D7704A}.Release|iOS.Build.0 = Release|Any CPU
		{B0C69DDE-6AA7-4993-A996-003614D7704A}.Release|iOS.Deploy.0 = Release|Any CPU
		{B0C69DDE-6AA7-4993-A996-003614D7704A}.Release|Windows-ARM.ActiveCfg = Release|Any CPU
		{B0C69DDE-6AA7-4993-A996-003614D7704A}.Release|Windows-ARM.Build.0 = Release|Any CPU
		{B0C69DDE-6AA7-4993-A996-003614D7704A}.Release|Windows-ARM.Deploy.0 = Release|Any CPU
		{B0C69DDE-6AA7-4993-A996-003614D7704A}.Release|Windows-x64.ActiveCfg = Release|Any CPU
		{B0C69DDE-6AA7-4993-A996-003614D7704A}.Release|Windows-x64.Build.0 = Release|Any CPU
		{B0C69DDE-6AA7-4993-A996-003614D7704A}.Release|Windows-x64.Deploy.0 = Release|Any CPU
		{B0C69DDE-6AA7-4993-A996-003614D7704A}.Release|Windows-x86.ActiveCfg = Release|Any CPU
		{B0C69DDE-6AA7-4993-A996-003614D7704A}.Release|Windows-x86.Build.0 = Release|Any CPU
		{B0C69DDE-6AA7-4993-A996-003614D7704A}.Release|Windows-x86.Deploy.0 = Release|Any CPU
		{B0C69DDE-6AA7-4993-A996-003614D7704A}.Release|x64.ActiveCfg = Release|x64
		{B0C69DDE-6AA7-4993-A996-003614D7704A}.Release|x64.Build.0 = Release|x64
		{B0C69DDE-6AA7-4993-A996-003614D7704A}.Release|x64.Deploy.0 = Release|x64
		{B0C69DDE-6AA7-4993-A996-003614D7704A}.Release|x86.ActiveCfg = Release|x86
		{B0C69DDE-6AA7-4993-A996-003614D7704A}.Release|x86.Build.0 = Release|x86
		{B0C69DDE-6AA7-4993-A996-003614D7704A}.Release|x86.Deploy.0 = Release|x86
		{B9B6BBA4-080F-4042-8E4A-A42D51C72348}.Debug|Android.ActiveCfg = Debug|x86
		{B9B6BBA4-080F-4042-8E4A-A42D51C72348}.Debug|Any CPU.ActiveCfg = Debug|x86
		{B9B6BBA4-080F-4042-8E4A-A42D51C72348}.Debug|ARM.ActiveCfg = Debug|ARM
		{B9B6BBA4-080F-4042-8E4A-A42D51C72348}.Debug|ARM.Build.0 = Debug|ARM
		{B9B6BBA4-080F-4042-8E4A-A42D51C72348}.Debug|ARM.Deploy.0 = Debug|ARM
		{B9B6BBA4-080F-4042-8E4A-A42D51C72348}.Debug|ARM64.ActiveCfg = Debug|ARM64
		{B9B6BBA4-080F-4042-8E4A-A42D51C72348}.Debug|ARM64.Build.0 = Debug|ARM64
		{B9B6BBA4-080F-4042-8E4A-A42D51C72348}.Debug|ARM64.Deploy.0 = Debug|ARM64
		{B9B6BBA4-080F-4042-8E4A-A42D51C72348}.Debug|iOS.ActiveCfg = Debug|x86
		{B9B6BBA4-080F-4042-8E4A-A42D51C72348}.Debug|Windows-ARM.ActiveCfg = Debug|x86
		{B9B6BBA4-080F-4042-8E4A-A42D51C72348}.Debug|Windows-x64.ActiveCfg = Debug|x86
		{B9B6BBA4-080F-4042-8E4A-A42D51C72348}.Debug|Windows-x86.ActiveCfg = Debug|x86
		{B9B6BBA4-080F-4042-8E4A-A42D51C72348}.Debug|x64.ActiveCfg = Debug|x64
		{B9B6BBA4-080F-4042-8E4A-A42D51C72348}.Debug|x64.Build.0 = Debug|x64
		{B9B6BBA4-080F-4042-8E4A-A42D51C72348}.Debug|x64.Deploy.0 = Debug|x64
		{B9B6BBA4-080F-4042-8E4A-A42D51C72348}.Debug|x86.ActiveCfg = Debug|x86
		{B9B6BBA4-080F-4042-8E4A-A42D51C72348}.Debug|x86.Build.0 = Debug|x86
		{B9B6BBA4-080F-4042-8E4A-A42D51C72348}.Debug|x86.Deploy.0 = Debug|x86
		{B9B6BBA4-080F-4042-8E4A-A42D51C72348}.Release|Android.ActiveCfg = Release|x86
		{B9B6BBA4-080F-4042-8E4A-A42D51C72348}.Release|Any CPU.ActiveCfg = Release|x86
		{B9B6BBA4-080F-4042-8E4A-A42D51C72348}.Release|ARM.ActiveCfg = Release|ARM
		{B9B6BBA4-080F-4042-8E4A-A42D51C72348}.Release|ARM.Build.0 = Release|ARM
		{B9B6BBA4-080F-4042-8E4A-A42D51C72348}.Release|ARM.Deploy.0 = Release|ARM
		{B9B6BBA4-080F-4042-8E4A-A42D51C72348}.Release|ARM64.ActiveCfg = Release|ARM64
		{B9B6BBA4-080F-4042-8E4A-A42D51C72348}.Release|ARM64.Build.0 = Release|ARM64
		{B9B6BBA4-080F-4042-8E4A-A42D51C72348}.Release|ARM64.Deploy.0 = Release|ARM64
		{B9B6BBA4-080F-4042-8E4A-A42D51C72348}.Release|iOS.ActiveCfg = Release|x86
		{B9B6BBA4-080F-4042-8E4A-A42D51C72348}.Release|Windows-ARM.ActiveCfg = Release|x86
		{B9B6BBA4-080F-4042-8E4A-A42D51C72348}.Release|Windows-x64.ActiveCfg = Release|x86
		{B9B6BBA4-080F-4042-8E4A-A42D51C72348}.Release|Windows-x86.ActiveCfg = Release|x86
		{B9B6BBA4-080F-4042-8E4A-A42D51C72348}.Release|x64.ActiveCfg = Release|x64
		{B9B6BBA4-080F-4042-8E4A-A42D51C72348}.Release|x64.Build.0 = Release|x64
		{B9B6BBA4-080F-4042-8E4A-A42D51C72348}.Release|x64.Deploy.0 = Release|x64
		{B9B6BBA4-080F-4042-8E4A-A42D51C72348}.Release|x86.ActiveCfg = Release|x86
		{B9B6BBA4-080F-4042-8E4A-A42D51C72348}.Release|x86.Build.0 = Release|x86
		{B9B6BBA4-080F-4042-8E4A-A42D51C72348}.Release|x86.Deploy.0 = Release|x86
		{7148648F-B91E-4C66-B799-C9EADF70783B}.Debug|Android.ActiveCfg = Debug|x86
		{7148648F-B91E-4C66-B799-C9EADF70783B}.Debug|Any CPU.ActiveCfg = Debug|x86
		{7148648F-B91E-4C66-B799-C9EADF70783B}.Debug|ARM.ActiveCfg = Debug|ARM
		{7148648F-B91E-4C66-B799-C9EADF70783B}.Debug|ARM.Build.0 = Debug|ARM
		{7148648F-B91E-4C66-B799-C9EADF70783B}.Debug|ARM.Deploy.0 = Debug|ARM
		{7148648F-B91E-4C66-B799-C9EADF70783B}.Debug|ARM64.ActiveCfg = Debug|ARM64
		{7148648F-B91E-4C66-B799-C9EADF70783B}.Debug|ARM64.Build.0 = Debug|ARM64
		{7148648F-B91E-4C66-B799-C9EADF70783B}.Debug|ARM64.Deploy.0 = Debug|ARM64
		{7148648F-B91E-4C66-B799-C9EADF70783B}.Debug|iOS.ActiveCfg = Debug|x86
		{7148648F-B91E-4C66-B799-C9EADF70783B}.Debug|Windows-ARM.ActiveCfg = Debug|x86
		{7148648F-B91E-4C66-B799-C9EADF70783B}.Debug|Windows-x64.ActiveCfg = Debug|x86
		{7148648F-B91E-4C66-B799-C9EADF70783B}.Debug|Windows-x86.ActiveCfg = Debug|x86
		{7148648F-B91E-4C66-B799-C9EADF70783B}.Debug|x64.ActiveCfg = Debug|x64
		{7148648F-B91E-4C66-B799-C9EADF70783B}.Debug|x64.Build.0 = Debug|x64
		{7148648F-B91E-4C66-B799-C9EADF70783B}.Debug|x64.Deploy.0 = Debug|x64
		{7148648F-B91E-4C66-B799-C9EADF70783B}.Debug|x86.ActiveCfg = Debug|x86
		{7148648F-B91E-4C66-B799-C9EADF70783B}.Debug|x86.Build.0 = Debug|x86
		{7148648F-B91E-4C66-B799-C9EADF70783B}.Debug|x86.Deploy.0 = Debug|x86
		{7148648F-B91E-4C66-B799-C9EADF70783B}.Release|Android.ActiveCfg = Release|x86
		{7148648F-B91E-4C66-B799-C9EADF70783B}.Release|Any CPU.ActiveCfg = Release|x86
		{7148648F-B91E-4C66-B799-C9EADF70783B}.Release|ARM.ActiveCfg = Release|ARM
		{7148648F-B91E-4C66-B799-C9EADF70783B}.Release|ARM.Build.0 = Release|ARM
		{7148648F-B91E-4C66-B799-C9EADF70783B}.Release|ARM.Deploy.0 = Release|ARM
		{7148648F-B91E-4C66-B799-C9EADF70783B}.Release|ARM64.ActiveCfg = Release|ARM64
		{7148648F-B91E-4C66-B799-C9EADF70783B}.Release|ARM64.Build.0 = Release|ARM64
		{7148648F-B91E-4C66-B799-C9EADF70783B}.Release|ARM64.Deploy.0 = Release|ARM64
		{7148648F-B91E-4C66-B799-C9EADF70783B}.Release|iOS.ActiveCfg = Release|x86
		{7148648F-B91E-4C66-B799-C9EADF70783B}.Release|Windows-ARM.ActiveCfg = Release|x86
		{7148648F-B91E-4C66-B799-C9EADF70783B}.Release|Windows-x64.ActiveCfg = Release|x86
		{7148648F-B91E-4C66-B799-C9EADF70783B}.Release|Windows-x86.ActiveCfg = Release|x86
		{7148648F-B91E-4C66-B799-C9EADF70783B}.Release|x64.ActiveCfg = Release|x64
		{7148648F-B91E-4C66-B799-C9EADF70783B}.Release|x64.Build.0 = Release|x64
		{7148648F-B91E-4C66-B799-C9EADF70783B}.Release|x64.Deploy.0 = Release|x64
		{7148648F-B91E-4C66-B799-C9EADF70783B}.Release|x86.ActiveCfg = Release|x86
		{7148648F-B91E-4C66-B799-C9EADF70783B}.Release|x86.Build.0 = Release|x86
		{7148648F-B91E-4C66-B799-C9EADF70783B}.Release|x86.Deploy.0 = Release|x86
		{88BD2A13-BC04-4A93-9924-55C683FB7B44}.Debug|Android.ActiveCfg = Debug|x86
		{88BD2A13-BC04-4A93-9924-55C683FB7B44}.Debug|Any CPU.ActiveCfg = Debug|x86
		{88BD2A13-BC04-4A93-9924-55C683FB7B44}.Debug|ARM.ActiveCfg = Debug|ARM
		{88BD2A13-BC04-4A93-9924-55C683FB7B44}.Debug|ARM.Build.0 = Debug|ARM
		{88BD2A13-BC04-4A93-9924-55C683FB7B44}.Debug|ARM64.ActiveCfg = Debug|ARM64
		{88BD2A13-BC04-4A93-9924-55C683FB7B44}.Debug|ARM64.Build.0 = Debug|ARM64
		{88BD2A13-BC04-4A93-9924-55C683FB7B44}.Debug|iOS.ActiveCfg = Debug|x86
		{88BD2A13-BC04-4A93-9924-55C683FB7B44}.Debug|Windows-ARM.ActiveCfg = Debug|x86
		{88BD2A13-BC04-4A93-9924-55C683FB7B44}.Debug|Windows-x64.ActiveCfg = Debug|x86
		{88BD2A13-BC04-4A93-9924-55C683FB7B44}.Debug|Windows-x86.ActiveCfg = Debug|x86
		{88BD2A13-BC04-4A93-9924-55C683FB7B44}.Debug|x64.ActiveCfg = Debug|x64
		{88BD2A13-BC04-4A93-9924-55C683FB7B44}.Debug|x64.Build.0 = Debug|x64
		{88BD2A13-BC04-4A93-9924-55C683FB7B44}.Debug|x86.ActiveCfg = Debug|x86
		{88BD2A13-BC04-4A93-9924-55C683FB7B44}.Debug|x86.Build.0 = Debug|x86
		{88BD2A13-BC04-4A93-9924-55C683FB7B44}.Release|Android.ActiveCfg = Release|x86
		{88BD2A13-BC04-4A93-9924-55C683FB7B44}.Release|Any CPU.ActiveCfg = Release|x86
		{88BD2A13-BC04-4A93-9924-55C683FB7B44}.Release|ARM.ActiveCfg = Release|ARM
		{88BD2A13-BC04-4A93-9924-55C683FB7B44}.Release|ARM.Build.0 = Release|ARM
		{88BD2A13-BC04-4A93-9924-55C683FB7B44}.Release|ARM64.ActiveCfg = Release|ARM64
		{88BD2A13-BC04-4A93-9924-55C683FB7B44}.Release|ARM64.Build.0 = Release|ARM64
		{88BD2A13-BC04-4A93-9924-55C683FB7B44}.Release|iOS.ActiveCfg = Release|x86
		{88BD2A13-BC04-4A93-9924-55C683FB7B44}.Release|Windows-ARM.ActiveCfg = Release|x86
		{88BD2A13-BC04-4A93-9924-55C683FB7B44}.Release|Windows-x64.ActiveCfg = Release|x86
		{88BD2A13-BC04-4A93-9924-55C683FB7B44}.Release|Windows-x86.ActiveCfg = Release|x86
		{88BD2A13-BC04-4A93-9924-55C683FB7B44}.Release|x64.ActiveCfg = Release|x64
		{88BD2A13-BC04-4A93-9924-55C683FB7B44}.Release|x64.Build.0 = Release|x64
		{88BD2A13-BC04-4A93-9924-55C683FB7B44}.Release|x86.ActiveCfg = Release|x86
		{88BD2A13-BC04-4A93-9924-55C683FB7B44}.Release|x86.Build.0 = Release|x86
		{202F8D77-BDEA-4207-BA62-A93EF33C0E7F}.Debug|Android.ActiveCfg = Debug|x86
		{202F8D77-BDEA-4207-BA62-A93EF33C0E7F}.Debug|Any CPU.ActiveCfg = Debug|x86
		{202F8D77-BDEA-4207-BA62-A93EF33C0E7F}.Debug|ARM.ActiveCfg = Debug|ARM
		{202F8D77-BDEA-4207-BA62-A93EF33C0E7F}.Debug|ARM.Build.0 = Debug|ARM
		{202F8D77-BDEA-4207-BA62-A93EF33C0E7F}.Debug|ARM64.ActiveCfg = Debug|ARM64
		{202F8D77-BDEA-4207-BA62-A93EF33C0E7F}.Debug|ARM64.Build.0 = Debug|ARM64
		{202F8D77-BDEA-4207-BA62-A93EF33C0E7F}.Debug|iOS.ActiveCfg = Debug|x86
		{202F8D77-BDEA-4207-BA62-A93EF33C0E7F}.Debug|Windows-ARM.ActiveCfg = Debug|x86
		{202F8D77-BDEA-4207-BA62-A93EF33C0E7F}.Debug|Windows-x64.ActiveCfg = Debug|x86
		{202F8D77-BDEA-4207-BA62-A93EF33C0E7F}.Debug|Windows-x86.ActiveCfg = Debug|x86
		{202F8D77-BDEA-4207-BA62-A93EF33C0E7F}.Debug|x64.ActiveCfg = Debug|x64
		{202F8D77-BDEA-4207-BA62-A93EF33C0E7F}.Debug|x64.Build.0 = Debug|x64
		{202F8D77-BDEA-4207-BA62-A93EF33C0E7F}.Debug|x86.ActiveCfg = Debug|x86
		{202F8D77-BDEA-4207-BA62-A93EF33C0E7F}.Debug|x86.Build.0 = Debug|x86
		{202F8D77-BDEA-4207-BA62-A93EF33C0E7F}.Release|Android.ActiveCfg = Release|x86
		{202F8D77-BDEA-4207-BA62-A93EF33C0E7F}.Release|Any CPU.ActiveCfg = Release|x86
		{202F8D77-BDEA-4207-BA62-A93EF33C0E7F}.Release|ARM.ActiveCfg = Release|ARM
		{202F8D77-BDEA-4207-BA62-A93EF33C0E7F}.Release|ARM.Build.0 = Release|ARM
		{202F8D77-BDEA-4207-BA62-A93EF33C0E7F}.Release|ARM64.ActiveCfg = Release|ARM64
		{202F8D77-BDEA-4207-BA62-A93EF33C0E7F}.Release|ARM64.Build.0 = Release|ARM64
		{202F8D77-BDEA-4207-BA62-A93EF33C0E7F}.Release|iOS.ActiveCfg = Release|x86
		{202F8D77-BDEA-4207-BA62-A93EF33C0E7F}.Release|Windows-ARM.ActiveCfg = Release|x86
		{202F8D77-BDEA-4207-BA62-A93EF33C0E7F}.Release|Windows-x64.ActiveCfg = Release|x86
		{202F8D77-BDEA-4207-BA62-A93EF33C0E7F}.Release|Windows-x86.ActiveCfg = Release|x86
		{202F8D77-BDEA-4207-BA62-A93EF33C0E7F}.Release|x64.ActiveCfg = Release|x64
		{202F8D77-BDEA-4207-BA62-A93EF33C0E7F}.Release|x64.Build.0 = Release|x64
		{202F8D77-BDEA-4207-BA62-A93EF33C0E7F}.Release|x86.ActiveCfg = Release|x86
		{202F8D77-BDEA-4207-BA62-A93EF33C0E7F}.Release|x86.Build.0 = Release|x86
	EndGlobalSection
	GlobalSection(SolutionProperties) = preSolution
		HideSolutionNode = FALSE
	EndGlobalSection
	GlobalSection(NestedProjects) = preSolution
		{B9B6BBA4-080F-4042-8E4A-A42D51C72348} = {3CBD2D27-70F5-4768-8992-2078B026A237}
		{7148648F-B91E-4C66-B799-C9EADF70783B} = {3CBD2D27-70F5-4768-8992-2078B026A237}
		{188FEB91-92D3-4A4A-BA83-DD5C1E993779} = {3CBD2D27-70F5-4768-8992-2078B026A237}
		{CF3FC226-1954-41F8-8972-1A71E1B3753E} = {188FEB91-92D3-4A4A-BA83-DD5C1E993779}
		{88BD2A13-BC04-4A93-9924-55C683FB7B44} = {188FEB91-92D3-4A4A-BA83-DD5C1E993779}
		{202F8D77-BDEA-4207-BA62-A93EF33C0E7F} = {188FEB91-92D3-4A4A-BA83-DD5C1E993779}
	EndGlobalSection
	GlobalSection(ExtensibilityGlobals) = postSolution
		SolutionGuid = {F40D0523-7CFD-4D68-A0F9-E9C699F17CAD}
	EndGlobalSection
EndGlobal
